// !$*UTF8*$!
{
	archiveVersion = 1;
	classes = {
	};
	objectVersion = 46;
	objects = {

/* Begin PBXBuildFile section */
		7D04E00413BC310C00040642 /* UIKit.framework in Frameworks */ = {isa = PBXBuildFile; fileRef = 7D04E00313BC310C00040642 /* UIKit.framework */; };
		7D04E00613BC310C00040642 /* Foundation.framework in Frameworks */ = {isa = PBXBuildFile; fileRef = 7D04E00513BC310C00040642 /* Foundation.framework */; };
		7D04E00813BC310C00040642 /* CoreGraphics.framework in Frameworks */ = {isa = PBXBuildFile; fileRef = 7D04E00713BC310C00040642 /* CoreGraphics.framework */; };
		7D04E00E13BC310C00040642 /* InfoPlist.strings in Resources */ = {isa = PBXBuildFile; fileRef = 7D04E00C13BC310C00040642 /* InfoPlist.strings */; };
		7D04E01113BC310C00040642 /* main.m in Sources */ = {isa = PBXBuildFile; fileRef = 7D04E01013BC310C00040642 /* main.m */; };
		7D04E01813BC310C00040642 /* CanIEatAppDelegate_iPhone.m in Sources */ = {isa = PBXBuildFile; fileRef = 7D04E01713BC310C00040642 /* CanIEatAppDelegate_iPhone.m */; };
		7D04E01B13BC310C00040642 /* MainWindow_iPhone.xib in Resources */ = {isa = PBXBuildFile; fileRef = 7D04E01913BC310C00040642 /* MainWindow_iPhone.xib */; };
		7D04E01F13BC310D00040642 /* CanIEatAppDelegate_iPad.m in Sources */ = {isa = PBXBuildFile; fileRef = 7D04E01E13BC310D00040642 /* CanIEatAppDelegate_iPad.m */; };
		7D04E02213BC310D00040642 /* MainWindow_iPad.xib in Resources */ = {isa = PBXBuildFile; fileRef = 7D04E02013BC310D00040642 /* MainWindow_iPad.xib */; };
		7D04E04313BC311F00040642 /* CanIEatAppDelegate.m in Sources */ = {isa = PBXBuildFile; fileRef = 7D04E04213BC311F00040642 /* CanIEatAppDelegate.m */; };
		7D04E05213BC314A00040642 /* MenuObject.m in Sources */ = {isa = PBXBuildFile; fileRef = 7D04E04A13BC314A00040642 /* MenuObject.m */; };
		7D04E05313BC314A00040642 /* notes.rtf in Resources */ = {isa = PBXBuildFile; fileRef = 7D04E04B13BC314A00040642 /* notes.rtf */; };
		7D04E05413BC314A00040642 /* OrderObject.m in Sources */ = {isa = PBXBuildFile; fileRef = 7D04E04D13BC314A00040642 /* OrderObject.m */; };
		7D04E05513BC314A00040642 /* BranchObject.m in Sources */ = {isa = PBXBuildFile; fileRef = 7D04E04F13BC314A00040642 /* BranchObject.m */; };
		7D04E05613BC314A00040642 /* UserObject.m in Sources */ = {isa = PBXBuildFile; fileRef = 7D04E05113BC314A00040642 /* UserObject.m */; };
		7D04E06213BC329100040642 /* WelcomeScreenViewController.m in Sources */ = {isa = PBXBuildFile; fileRef = 7D04E06013BC329100040642 /* WelcomeScreenViewController.m */; };
		7D04E06313BC329100040642 /* WelcomeScreenViewController.xib in Resources */ = {isa = PBXBuildFile; fileRef = 7D04E06113BC329100040642 /* WelcomeScreenViewController.xib */; };
		7D1FA62D13D652D8006B9958 /* EditItemViewController.m in Sources */ = {isa = PBXBuildFile; fileRef = 7D1FA62B13D652D8006B9958 /* EditItemViewController.m */; };
		7D1FA62E13D652D8006B9958 /* EditItemViewController.xib in Resources */ = {isa = PBXBuildFile; fileRef = 7D1FA62C13D652D8006B9958 /* EditItemViewController.xib */; };
		7D26E6ED13CC0A5700D372E4 /* sideObject.m in Sources */ = {isa = PBXBuildFile; fileRef = 7D26E6EC13CC0A5700D372E4 /* sideObject.m */; };
		7D26E6F113CC0A6600D372E4 /* toppingObject.m in Sources */ = {isa = PBXBuildFile; fileRef = 7D26E6F013CC0A6600D372E4 /* toppingObject.m */; };
		7D31AA3113CB664F007A9634 /* LoginViewController.m in Sources */ = {isa = PBXBuildFile; fileRef = 7D31AA2F13CB664F007A9634 /* LoginViewController.m */; };
		7D31AA3213CB664F007A9634 /* LoginViewController.xib in Resources */ = {isa = PBXBuildFile; fileRef = 7D31AA3013CB664F007A9634 /* LoginViewController.xib */; };
		7D6446F813D3404E001AB73E /* MyOrderViewController.m in Sources */ = {isa = PBXBuildFile; fileRef = 7D6446F613D3404E001AB73E /* MyOrderViewController.m */; };
		7D6446F913D3404E001AB73E /* MyOrderViewController.xib in Resources */ = {isa = PBXBuildFile; fileRef = 7D6446F713D3404E001AB73E /* MyOrderViewController.xib */; };
		7D6446FE13D343ED001AB73E /* LocationsViewController.m in Sources */ = {isa = PBXBuildFile; fileRef = 7D6446FC13D343ED001AB73E /* LocationsViewController.m */; };
		7D6446FF13D343ED001AB73E /* LocationsViewController.xib in Resources */ = {isa = PBXBuildFile; fileRef = 7D6446FD13D343ED001AB73E /* LocationsViewController.xib */; };
		7D64470313D34448001AB73E /* MenuViewController.m in Sources */ = {isa = PBXBuildFile; fileRef = 7D64470113D34447001AB73E /* MenuViewController.m */; };
		7D64470413D34448001AB73E /* MenuViewController.xib in Resources */ = {isa = PBXBuildFile; fileRef = 7D64470213D34447001AB73E /* MenuViewController.xib */; };
		7D64470813D34489001AB73E /* SettingsViewController.m in Sources */ = {isa = PBXBuildFile; fileRef = 7D64470613D34488001AB73E /* SettingsViewController.m */; };
		7D64470913D34489001AB73E /* SettingsViewController.xib in Resources */ = {isa = PBXBuildFile; fileRef = 7D64470713D34488001AB73E /* SettingsViewController.xib */; };
		7D77117B13E77C3D006A0277 /* 06-magnify.png in Resources */ = {isa = PBXBuildFile; fileRef = 7D77117A13E77C3D006A0277 /* 06-magnify.png */; };
		7D77117D13E77C46006A0277 /* 20-gear2.png in Resources */ = {isa = PBXBuildFile; fileRef = 7D77117C13E77C46006A0277 /* 20-gear2.png */; };
		7D77117F13E77C4C006A0277 /* 73-radar.png in Resources */ = {isa = PBXBuildFile; fileRef = 7D77117E13E77C4C006A0277 /* 73-radar.png */; };
		7D77118113E77C76006A0277 /* 121-landscape.png in Resources */ = {isa = PBXBuildFile; fileRef = 7D77118013E77C76006A0277 /* 121-landscape.png */; };
		7D77118313E77E33006A0277 /* 43-film-roll.png in Resources */ = {isa = PBXBuildFile; fileRef = 7D77118213E77E33006A0277 /* 43-film-roll.png */; };
		7D77118513E77EE3006A0277 /* 86-camera.png in Resources */ = {isa = PBXBuildFile; fileRef = 7D77118413E77EE3006A0277 /* 86-camera.png */; };
		7D7B9A6B13E8F2FB00B457EA /* ReviewItemVC.m in Sources */ = {isa = PBXBuildFile; fileRef = 7D7B9A6913E8F2FB00B457EA /* ReviewItemVC.m */; };
		7D7B9A6C13E8F2FB00B457EA /* ReviewItemVC.xib in Resources */ = {isa = PBXBuildFile; fileRef = 7D7B9A6A13E8F2FB00B457EA /* ReviewItemVC.xib */; };
		7D940FD313D5C79A00E80179 /* MenuCategoriesViewController.m in Sources */ = {isa = PBXBuildFile; fileRef = 7D940FD113D5C79A00E80179 /* MenuCategoriesViewController.m */; };
		7D940FD413D5C79A00E80179 /* MenuCategoriesViewController.xib in Resources */ = {isa = PBXBuildFile; fileRef = 7D940FD213D5C79A00E80179 /* MenuCategoriesViewController.xib */; };
		7D940FD613D5C97600E80179 /* 80-shopping-cart.png in Resources */ = {isa = PBXBuildFile; fileRef = 7D940FD513D5C97600E80179 /* 80-shopping-cart.png */; };
		7D940FDA13D5E2A600E80179 /* MenuListViewController.m in Sources */ = {isa = PBXBuildFile; fileRef = 7D940FD813D5E2A600E80179 /* MenuListViewController.m */; };
		7D940FDB13D5E2A600E80179 /* MenuListViewController.xib in Resources */ = {isa = PBXBuildFile; fileRef = 7D940FD913D5E2A600E80179 /* MenuListViewController.xib */; };
		7D940FDD13D5EDE600E80179 /* ranch_&_ bacon_chicken_sandwich.jpg in Resources */ = {isa = PBXBuildFile; fileRef = 7D940FDC13D5EDE600E80179 /* ranch_&_ bacon_chicken_sandwich.jpg */; };
		7D940FDF13D5EDF200E80179 /* pasta_broccoli.jpg in Resources */ = {isa = PBXBuildFile; fileRef = 7D940FDE13D5EDF200E80179 /* pasta_broccoli.jpg */; };
		7D940FE113D5EDFF00E80179 /* steak_&_potatoes.jpg in Resources */ = {isa = PBXBuildFile; fileRef = 7D940FE013D5EDFF00E80179 /* steak_&_potatoes.jpg */; };
		7D940FE513D5FFE400E80179 /* NewItemViewController.m in Sources */ = {isa = PBXBuildFile; fileRef = 7D940FE313D5FFE300E80179 /* NewItemViewController.m */; };
		7D940FE613D5FFE400E80179 /* NewItemViewController.xib in Resources */ = {isa = PBXBuildFile; fileRef = 7D940FE413D5FFE400E80179 /* NewItemViewController.xib */; };
		7DCCCD0D13D3EE7F00CD7D96 /* 36-toolbox.png in Resources */ = {isa = PBXBuildFile; fileRef = 7DCCCD0C13D3EE7F00CD7D96 /* 36-toolbox.png */; };
		7DCCCD0F13D3EF0700CD7D96 /* 48-fork-and-knife.png in Resources */ = {isa = PBXBuildFile; fileRef = 7DCCCD0E13D3EF0700CD7D96 /* 48-fork-and-knife.png */; };
		7DCCCD1313D3F25F00CD7D96 /* 125-food.png in Resources */ = {isa = PBXBuildFile; fileRef = 7DCCCD1213D3F25F00CD7D96 /* 125-food.png */; };
		9E8E6C3113BE6B8F00879142 /* sodaIcon.png in Resources */ = {isa = PBXBuildFile; fileRef = 9E8E6C3013BE6B8F00879142 /* sodaIcon.png */; };
		9E8E6C3313BE6BC200879142 /* hamburger-icon.png in Resources */ = {isa = PBXBuildFile; fileRef = 9E8E6C3213BE6BC200879142 /* hamburger-icon.png */; };
		9E8E6C3813BE6C1400879142 /* salad.jpg in Resources */ = {isa = PBXBuildFile; fileRef = 9E8E6C3513BE6C1400879142 /* salad.jpg */; };
		9E8E6C3913BE6C1400879142 /* hot-dog-icon.png in Resources */ = {isa = PBXBuildFile; fileRef = 9E8E6C3613BE6C1400879142 /* hot-dog-icon.png */; };
		9E8E6C4A13BE6E4100879142 /* Coffee-icon.png in Resources */ = {isa = PBXBuildFile; fileRef = 9E8E6C4313BE6E4100879142 /* Coffee-icon.png */; };
		9E8E6C4B13BE6E4100879142 /* coffeIcon.png in Resources */ = {isa = PBXBuildFile; fileRef = 9E8E6C4413BE6E4100879142 /* coffeIcon.png */; };
		9E8E6C4C13BE6E4100879142 /* Beer-icon.png in Resources */ = {isa = PBXBuildFile; fileRef = 9E8E6C4513BE6E4100879142 /* Beer-icon.png */; };
		9E8E6C4D13BE6E4100879142 /* soft-drink-icon.png in Resources */ = {isa = PBXBuildFile; fileRef = 9E8E6C4613BE6E4100879142 /* soft-drink-icon.png */; };
		9E8E6C4E13BE6E4100879142 /* iceCreamIcon.png in Resources */ = {isa = PBXBuildFile; fileRef = 9E8E6C4713BE6E4100879142 /* iceCreamIcon.png */; };
		9E8E6C4F13BE6E4100879142 /* pizza-slice-icon.png in Resources */ = {isa = PBXBuildFile; fileRef = 9E8E6C4813BE6E4100879142 /* pizza-slice-icon.png */; };
		9E8E6C5013BE6E4100879142 /* friesIcon.png in Resources */ = {isa = PBXBuildFile; fileRef = 9E8E6C4913BE6E4100879142 /* friesIcon.png */; };
		9E8E6C5313BE71BF00879142 /* starIcon.png in Resources */ = {isa = PBXBuildFile; fileRef = 9E8E6C5213BE71BF00879142 /* starIcon.png */; };
		9E8E6C5713BE769700879142 /* leaf.png in Resources */ = {isa = PBXBuildFile; fileRef = 9E8E6C5613BE769700879142 /* leaf.png */; };
		9E8E6C5A13BE792A00879142 /* hotSOup.png in Resources */ = {isa = PBXBuildFile; fileRef = 9E8E6C5813BE792900879142 /* hotSOup.png */; };
		9E8E6C5D13BE79E200879142 /* liquor.png in Resources */ = {isa = PBXBuildFile; fileRef = 9E8E6C5C13BE79E200879142 /* liquor.png */; };
		9E8E6C5F13BE7B8900879142 /* mainDish.png in Resources */ = {isa = PBXBuildFile; fileRef = 9E8E6C5E13BE7B8900879142 /* mainDish.png */; };
		9E8E6C6A13BE7CFE00879142 /* EstablishmentObject.m in Sources */ = {isa = PBXBuildFile; fileRef = 9E8E6C6913BE7CFE00879142 /* EstablishmentObject.m */; };
		9E8E6C6D13BE7DB200879142 /* future_feats.rtf in Resources */ = {isa = PBXBuildFile; fileRef = 9E8E6C6C13BE7DB200879142 /* future_feats.rtf */; };
		9E8E6C6F13BE7DCB00879142 /* general_specs.rtf in Resources */ = {isa = PBXBuildFile; fileRef = 9E8E6C6E13BE7DCB00879142 /* general_specs.rtf */; };
		9E8E6C7113BE838D00879142 /* cart.png in Resources */ = {isa = PBXBuildFile; fileRef = 9E8E6C7013BE838D00879142 /* cart.png */; };
		9E8E6C7613BE84F000879142 /* cancel.png in Resources */ = {isa = PBXBuildFile; fileRef = 9E8E6C7213BE84EF00879142 /* cancel.png */; };
		9E8E6C7713BE84F000879142 /* cartAdd.png in Resources */ = {isa = PBXBuildFile; fileRef = 9E8E6C7313BE84EF00879142 /* cartAdd.png */; };
		9E8E6C7813BE84F000879142 /* cartRemove.png in Resources */ = {isa = PBXBuildFile; fileRef = 9E8E6C7413BE84EF00879142 /* cartRemove.png */; };
		9E8E6C7913BE84F000879142 /* ok.png in Resources */ = {isa = PBXBuildFile; fileRef = 9E8E6C7513BE84F000879142 /* ok.png */; };
		9E8E6C7F13BE875200879142 /* info-icon.png in Resources */ = {isa = PBXBuildFile; fileRef = 9E8E6C7E13BE875100879142 /* info-icon.png */; };
		9E8E6C8113BE87AA00879142 /* settings.png in Resources */ = {isa = PBXBuildFile; fileRef = 9E8E6C8013BE87A900879142 /* settings.png */; };
		9EFF990B13BFCE0B004390A1 /* userMale.png in Resources */ = {isa = PBXBuildFile; fileRef = 9EFF990A13BFCE0B004390A1 /* userMale.png */; };
		9EFF990E13BFCE17004390A1 /* userFemale.png in Resources */ = {isa = PBXBuildFile; fileRef = 9EFF990D13BFCE17004390A1 /* userFemale.png */; };
/* End PBXBuildFile section */

/* Begin PBXFileReference section */
		7D04DFFF13BC310C00040642 /* CanIEat.app */ = {isa = PBXFileReference; explicitFileType = wrapper.application; includeInIndex = 0; path = CanIEat.app; sourceTree = BUILT_PRODUCTS_DIR; };
		7D04E00313BC310C00040642 /* UIKit.framework */ = {isa = PBXFileReference; lastKnownFileType = wrapper.framework; name = UIKit.framework; path = System/Library/Frameworks/UIKit.framework; sourceTree = SDKROOT; };
		7D04E00513BC310C00040642 /* Foundation.framework */ = {isa = PBXFileReference; lastKnownFileType = wrapper.framework; name = Foundation.framework; path = System/Library/Frameworks/Foundation.framework; sourceTree = SDKROOT; };
		7D04E00713BC310C00040642 /* CoreGraphics.framework */ = {isa = PBXFileReference; lastKnownFileType = wrapper.framework; name = CoreGraphics.framework; path = System/Library/Frameworks/CoreGraphics.framework; sourceTree = SDKROOT; };
		7D04E00B13BC310C00040642 /* CanIEat-Info.plist */ = {isa = PBXFileReference; lastKnownFileType = text.plist.xml; path = "CanIEat-Info.plist"; sourceTree = "<group>"; };
		7D04E00D13BC310C00040642 /* en */ = {isa = PBXFileReference; lastKnownFileType = text.plist.strings; name = en; path = en.lproj/InfoPlist.strings; sourceTree = "<group>"; };
		7D04E00F13BC310C00040642 /* CanIEat-Prefix.pch */ = {isa = PBXFileReference; lastKnownFileType = sourcecode.c.h; path = "CanIEat-Prefix.pch"; sourceTree = "<group>"; };
		7D04E01013BC310C00040642 /* main.m */ = {isa = PBXFileReference; lastKnownFileType = sourcecode.c.objc; path = main.m; sourceTree = "<group>"; };
		7D04E01613BC310C00040642 /* CanIEatAppDelegate_iPhone.h */ = {isa = PBXFileReference; lastKnownFileType = sourcecode.c.h; name = CanIEatAppDelegate_iPhone.h; path = iPhone/CanIEatAppDelegate_iPhone.h; sourceTree = "<group>"; };
		7D04E01713BC310C00040642 /* CanIEatAppDelegate_iPhone.m */ = {isa = PBXFileReference; lastKnownFileType = sourcecode.c.objc; name = CanIEatAppDelegate_iPhone.m; path = iPhone/CanIEatAppDelegate_iPhone.m; sourceTree = "<group>"; };
		7D04E01A13BC310C00040642 /* en */ = {isa = PBXFileReference; lastKnownFileType = file.xib; name = en; path = iPhone/en.lproj/MainWindow_iPhone.xib; sourceTree = "<group>"; };
		7D04E01D13BC310D00040642 /* CanIEatAppDelegate_iPad.h */ = {isa = PBXFileReference; lastKnownFileType = sourcecode.c.h; name = CanIEatAppDelegate_iPad.h; path = iPad/CanIEatAppDelegate_iPad.h; sourceTree = "<group>"; };
		7D04E01E13BC310D00040642 /* CanIEatAppDelegate_iPad.m */ = {isa = PBXFileReference; lastKnownFileType = sourcecode.c.objc; name = CanIEatAppDelegate_iPad.m; path = iPad/CanIEatAppDelegate_iPad.m; sourceTree = "<group>"; };
		7D04E02113BC310D00040642 /* en */ = {isa = PBXFileReference; lastKnownFileType = file.xib; name = en; path = iPad/en.lproj/MainWindow_iPad.xib; sourceTree = "<group>"; };
		7D04E03013BC310D00040642 /* CanIEatTests-Info.plist */ = {isa = PBXFileReference; lastKnownFileType = text.plist.xml; path = "CanIEatTests-Info.plist"; sourceTree = "<group>"; };
		7D04E03213BC310D00040642 /* en */ = {isa = PBXFileReference; lastKnownFileType = text.plist.strings; name = en; path = en.lproj/InfoPlist.strings; sourceTree = "<group>"; };
		7D04E03413BC310D00040642 /* CanIEatTests-Prefix.pch */ = {isa = PBXFileReference; lastKnownFileType = sourcecode.c.h; path = "CanIEatTests-Prefix.pch"; sourceTree = "<group>"; };
		7D04E03513BC310D00040642 /* CanIEatTests.h */ = {isa = PBXFileReference; lastKnownFileType = sourcecode.c.h; path = CanIEatTests.h; sourceTree = "<group>"; };
		7D04E03713BC310D00040642 /* CanIEatTests.m */ = {isa = PBXFileReference; lastKnownFileType = sourcecode.c.objc; path = CanIEatTests.m; sourceTree = "<group>"; };
		7D04E04113BC311F00040642 /* CanIEatAppDelegate.h */ = {isa = PBXFileReference; fileEncoding = 4; lastKnownFileType = sourcecode.c.h; path = CanIEatAppDelegate.h; sourceTree = "<group>"; };
		7D04E04213BC311F00040642 /* CanIEatAppDelegate.m */ = {isa = PBXFileReference; fileEncoding = 4; lastKnownFileType = sourcecode.c.objc; path = CanIEatAppDelegate.m; sourceTree = "<group>"; };
		7D04E04913BC314A00040642 /* MenuObject.h */ = {isa = PBXFileReference; fileEncoding = 4; lastKnownFileType = sourcecode.c.h; path = MenuObject.h; sourceTree = "<group>"; };
		7D04E04A13BC314A00040642 /* MenuObject.m */ = {isa = PBXFileReference; fileEncoding = 4; lastKnownFileType = sourcecode.c.objc; path = MenuObject.m; sourceTree = "<group>"; };
		7D04E04B13BC314A00040642 /* notes.rtf */ = {isa = PBXFileReference; fileEncoding = 4; lastKnownFileType = text.rtf; name = notes.rtf; path = CanIEat/notes.rtf; sourceTree = "<group>"; };
		7D04E04C13BC314A00040642 /* OrderObject.h */ = {isa = PBXFileReference; fileEncoding = 4; lastKnownFileType = sourcecode.c.h; path = OrderObject.h; sourceTree = "<group>"; };
		7D04E04D13BC314A00040642 /* OrderObject.m */ = {isa = PBXFileReference; fileEncoding = 4; lastKnownFileType = sourcecode.c.objc; path = OrderObject.m; sourceTree = "<group>"; };
		7D04E04E13BC314A00040642 /* BranchObject.h */ = {isa = PBXFileReference; fileEncoding = 4; lastKnownFileType = sourcecode.c.h; path = BranchObject.h; sourceTree = "<group>"; };
		7D04E04F13BC314A00040642 /* BranchObject.m */ = {isa = PBXFileReference; fileEncoding = 4; lastKnownFileType = sourcecode.c.objc; path = BranchObject.m; sourceTree = "<group>"; };
		7D04E05013BC314A00040642 /* UserObject.h */ = {isa = PBXFileReference; fileEncoding = 4; lastKnownFileType = sourcecode.c.h; path = UserObject.h; sourceTree = "<group>"; };
		7D04E05113BC314A00040642 /* UserObject.m */ = {isa = PBXFileReference; fileEncoding = 4; lastKnownFileType = sourcecode.c.objc; path = UserObject.m; sourceTree = "<group>"; };
		7D04E05F13BC329100040642 /* WelcomeScreenViewController.h */ = {isa = PBXFileReference; fileEncoding = 4; lastKnownFileType = sourcecode.c.h; path = WelcomeScreenViewController.h; sourceTree = "<group>"; };
		7D04E06013BC329100040642 /* WelcomeScreenViewController.m */ = {isa = PBXFileReference; fileEncoding = 4; lastKnownFileType = sourcecode.c.objc; path = WelcomeScreenViewController.m; sourceTree = "<group>"; };
		7D04E06113BC329100040642 /* WelcomeScreenViewController.xib */ = {isa = PBXFileReference; fileEncoding = 4; lastKnownFileType = file.xib; path = WelcomeScreenViewController.xib; sourceTree = "<group>"; };
		7D1FA62A13D652D8006B9958 /* EditItemViewController.h */ = {isa = PBXFileReference; fileEncoding = 4; lastKnownFileType = sourcecode.c.h; path = EditItemViewController.h; sourceTree = "<group>"; };
		7D1FA62B13D652D8006B9958 /* EditItemViewController.m */ = {isa = PBXFileReference; fileEncoding = 4; lastKnownFileType = sourcecode.c.objc; path = EditItemViewController.m; sourceTree = "<group>"; };
		7D1FA62C13D652D8006B9958 /* EditItemViewController.xib */ = {isa = PBXFileReference; fileEncoding = 4; lastKnownFileType = file.xib; path = EditItemViewController.xib; sourceTree = "<group>"; };
		7D26E6EB13CC0A5700D372E4 /* sideObject.h */ = {isa = PBXFileReference; fileEncoding = 4; lastKnownFileType = sourcecode.c.h; name = sideObject.h; path = ../../../../programming/ios/app1/CanIEat/sideObject.h; sourceTree = "<group>"; };
		7D26E6EC13CC0A5700D372E4 /* sideObject.m */ = {isa = PBXFileReference; fileEncoding = 4; lastKnownFileType = sourcecode.c.objc; name = sideObject.m; path = ../../../../programming/ios/app1/CanIEat/sideObject.m; sourceTree = "<group>"; };
		7D26E6EF13CC0A6600D372E4 /* toppingObject.h */ = {isa = PBXFileReference; fileEncoding = 4; lastKnownFileType = sourcecode.c.h; name = toppingObject.h; path = ../../../../programming/ios/app1/CanIEat/toppingObject.h; sourceTree = "<group>"; };
		7D26E6F013CC0A6600D372E4 /* toppingObject.m */ = {isa = PBXFileReference; fileEncoding = 4; lastKnownFileType = sourcecode.c.objc; name = toppingObject.m; path = ../../../../programming/ios/app1/CanIEat/toppingObject.m; sourceTree = "<group>"; };
		7D31AA2E13CB664F007A9634 /* LoginViewController.h */ = {isa = PBXFileReference; fileEncoding = 4; lastKnownFileType = sourcecode.c.h; name = LoginViewController.h; path = ../../../../programming/ios/app1/CanIEat.xcodeproj/LoginViewController.h; sourceTree = "<group>"; };
		7D31AA2F13CB664F007A9634 /* LoginViewController.m */ = {isa = PBXFileReference; fileEncoding = 4; lastKnownFileType = sourcecode.c.objc; name = LoginViewController.m; path = ../../../../programming/ios/app1/CanIEat.xcodeproj/LoginViewController.m; sourceTree = "<group>"; };
		7D31AA3013CB664F007A9634 /* LoginViewController.xib */ = {isa = PBXFileReference; fileEncoding = 4; lastKnownFileType = file.xib; name = LoginViewController.xib; path = ../../../../programming/ios/app1/CanIEat.xcodeproj/LoginViewController.xib; sourceTree = "<group>"; };
		7D6446F513D3404E001AB73E /* MyOrderViewController.h */ = {isa = PBXFileReference; fileEncoding = 4; lastKnownFileType = sourcecode.c.h; name = MyOrderViewController.h; path = ../../../../programming/ios/app1/CanIEat/MyOrderViewController.h; sourceTree = "<group>"; };
		7D6446F613D3404E001AB73E /* MyOrderViewController.m */ = {isa = PBXFileReference; fileEncoding = 4; lastKnownFileType = sourcecode.c.objc; name = MyOrderViewController.m; path = ../../../../programming/ios/app1/CanIEat/MyOrderViewController.m; sourceTree = "<group>"; };
		7D6446F713D3404E001AB73E /* MyOrderViewController.xib */ = {isa = PBXFileReference; fileEncoding = 4; lastKnownFileType = file.xib; name = MyOrderViewController.xib; path = ../../../../programming/ios/app1/CanIEat/MyOrderViewController.xib; sourceTree = "<group>"; };
		7D6446FB13D343ED001AB73E /* LocationsViewController.h */ = {isa = PBXFileReference; fileEncoding = 4; lastKnownFileType = sourcecode.c.h; name = LocationsViewController.h; path = ../../../../programming/ios/app1/CanIEat/LocationsViewController.h; sourceTree = "<group>"; };
		7D6446FC13D343ED001AB73E /* LocationsViewController.m */ = {isa = PBXFileReference; fileEncoding = 4; lastKnownFileType = sourcecode.c.objc; name = LocationsViewController.m; path = ../../../../programming/ios/app1/CanIEat/LocationsViewController.m; sourceTree = "<group>"; };
		7D6446FD13D343ED001AB73E /* LocationsViewController.xib */ = {isa = PBXFileReference; fileEncoding = 4; lastKnownFileType = file.xib; name = LocationsViewController.xib; path = ../../../../programming/ios/app1/CanIEat/LocationsViewController.xib; sourceTree = "<group>"; };
		7D64470013D34447001AB73E /* MenuViewController.h */ = {isa = PBXFileReference; fileEncoding = 4; lastKnownFileType = sourcecode.c.h; name = MenuViewController.h; path = ../../../../programming/ios/app1/CanIEat/MenuViewController.h; sourceTree = "<group>"; };
		7D64470113D34447001AB73E /* MenuViewController.m */ = {isa = PBXFileReference; fileEncoding = 4; lastKnownFileType = sourcecode.c.objc; name = MenuViewController.m; path = ../../../../programming/ios/app1/CanIEat/MenuViewController.m; sourceTree = "<group>"; };
		7D64470213D34447001AB73E /* MenuViewController.xib */ = {isa = PBXFileReference; fileEncoding = 4; lastKnownFileType = file.xib; name = MenuViewController.xib; path = ../../../../programming/ios/app1/CanIEat/MenuViewController.xib; sourceTree = "<group>"; };
		7D64470513D34488001AB73E /* SettingsViewController.h */ = {isa = PBXFileReference; fileEncoding = 4; lastKnownFileType = sourcecode.c.h; name = SettingsViewController.h; path = ../../../../programming/ios/app1/CanIEat/SettingsViewController.h; sourceTree = "<group>"; };
		7D64470613D34488001AB73E /* SettingsViewController.m */ = {isa = PBXFileReference; fileEncoding = 4; lastKnownFileType = sourcecode.c.objc; name = SettingsViewController.m; path = ../../../../programming/ios/app1/CanIEat/SettingsViewController.m; sourceTree = "<group>"; };
		7D64470713D34488001AB73E /* SettingsViewController.xib */ = {isa = PBXFileReference; fileEncoding = 4; lastKnownFileType = file.xib; name = SettingsViewController.xib; path = ../../../../programming/ios/app1/CanIEat/SettingsViewController.xib; sourceTree = "<group>"; };
		7D77117A13E77C3D006A0277 /* 06-magnify.png */ = {isa = PBXFileReference; lastKnownFileType = image.png; path = "06-magnify.png"; sourceTree = "<group>"; };
		7D77117C13E77C46006A0277 /* 20-gear2.png */ = {isa = PBXFileReference; lastKnownFileType = image.png; path = "20-gear2.png"; sourceTree = "<group>"; };
		7D77117E13E77C4C006A0277 /* 73-radar.png */ = {isa = PBXFileReference; lastKnownFileType = image.png; path = "73-radar.png"; sourceTree = "<group>"; };
		7D77118013E77C76006A0277 /* 121-landscape.png */ = {isa = PBXFileReference; lastKnownFileType = image.png; name = "121-landscape.png"; path = "images/121-landscape.png"; sourceTree = SOURCE_ROOT; };
		7D77118213E77E33006A0277 /* 43-film-roll.png */ = {isa = PBXFileReference; lastKnownFileType = image.png; name = "43-film-roll.png"; path = "images/43-film-roll.png"; sourceTree = SOURCE_ROOT; };
		7D77118413E77EE3006A0277 /* 86-camera.png */ = {isa = PBXFileReference; lastKnownFileType = image.png; name = "86-camera.png"; path = "images/86-camera.png"; sourceTree = SOURCE_ROOT; };
		7D7B9A6813E8F2FB00B457EA /* ReviewItemVC.h */ = {isa = PBXFileReference; fileEncoding = 4; lastKnownFileType = sourcecode.c.h; name = ReviewItemVC.h; path = ../ReviewItemVC.h; sourceTree = "<group>"; };
		7D7B9A6913E8F2FB00B457EA /* ReviewItemVC.m */ = {isa = PBXFileReference; fileEncoding = 4; lastKnownFileType = sourcecode.c.objc; name = ReviewItemVC.m; path = ../ReviewItemVC.m; sourceTree = "<group>"; };
		7D7B9A6A13E8F2FB00B457EA /* ReviewItemVC.xib */ = {isa = PBXFileReference; fileEncoding = 4; lastKnownFileType = file.xib; name = ReviewItemVC.xib; path = ../ReviewItemVC.xib; sourceTree = "<group>"; };
		7D940FD013D5C79A00E80179 /* MenuCategoriesViewController.h */ = {isa = PBXFileReference; fileEncoding = 4; lastKnownFileType = sourcecode.c.h; path = MenuCategoriesViewController.h; sourceTree = "<group>"; };
		7D940FD113D5C79A00E80179 /* MenuCategoriesViewController.m */ = {isa = PBXFileReference; fileEncoding = 4; lastKnownFileType = sourcecode.c.objc; path = MenuCategoriesViewController.m; sourceTree = "<group>"; };
		7D940FD213D5C79A00E80179 /* MenuCategoriesViewController.xib */ = {isa = PBXFileReference; fileEncoding = 4; lastKnownFileType = file.xib; path = MenuCategoriesViewController.xib; sourceTree = "<group>"; };
		7D940FD513D5C97600E80179 /* 80-shopping-cart.png */ = {isa = PBXFileReference; lastKnownFileType = image.png; path = "80-shopping-cart.png"; sourceTree = "<group>"; };
		7D940FD713D5E2A500E80179 /* MenuListViewController.h */ = {isa = PBXFileReference; fileEncoding = 4; lastKnownFileType = sourcecode.c.h; path = MenuListViewController.h; sourceTree = "<group>"; };
		7D940FD813D5E2A600E80179 /* MenuListViewController.m */ = {isa = PBXFileReference; fileEncoding = 4; lastKnownFileType = sourcecode.c.objc; path = MenuListViewController.m; sourceTree = "<group>"; };
		7D940FD913D5E2A600E80179 /* MenuListViewController.xib */ = {isa = PBXFileReference; fileEncoding = 4; lastKnownFileType = file.xib; path = MenuListViewController.xib; sourceTree = "<group>"; };
		7D940FDC13D5EDE600E80179 /* ranch_&_ bacon_chicken_sandwich.jpg */ = {isa = PBXFileReference; lastKnownFileType = image.jpeg; path = "ranch_&_ bacon_chicken_sandwich.jpg"; sourceTree = "<group>"; };
		7D940FDE13D5EDF200E80179 /* pasta_broccoli.jpg */ = {isa = PBXFileReference; lastKnownFileType = image.jpeg; path = pasta_broccoli.jpg; sourceTree = "<group>"; };
		7D940FE013D5EDFF00E80179 /* steak_&_potatoes.jpg */ = {isa = PBXFileReference; lastKnownFileType = image.jpeg; path = "steak_&_potatoes.jpg"; sourceTree = "<group>"; };
		7D940FE213D5FFE300E80179 /* NewItemViewController.h */ = {isa = PBXFileReference; fileEncoding = 4; lastKnownFileType = sourcecode.c.h; path = NewItemViewController.h; sourceTree = "<group>"; };
		7D940FE313D5FFE300E80179 /* NewItemViewController.m */ = {isa = PBXFileReference; fileEncoding = 4; lastKnownFileType = sourcecode.c.objc; path = NewItemViewController.m; sourceTree = "<group>"; };
		7D940FE413D5FFE400E80179 /* NewItemViewController.xib */ = {isa = PBXFileReference; fileEncoding = 4; lastKnownFileType = file.xib; path = NewItemViewController.xib; sourceTree = "<group>"; };
		7DCCCD0C13D3EE7F00CD7D96 /* 36-toolbox.png */ = {isa = PBXFileReference; lastKnownFileType = image.png; name = "36-toolbox.png"; path = "../../../../programming/ios/app1/CanIEat/36-toolbox.png"; sourceTree = "<group>"; };
		7DCCCD0E13D3EF0700CD7D96 /* 48-fork-and-knife.png */ = {isa = PBXFileReference; lastKnownFileType = image.png; name = "48-fork-and-knife.png"; path = "../../../../programming/ios/app1/CanIEat/48-fork-and-knife.png"; sourceTree = "<group>"; };
		7DCCCD1213D3F25F00CD7D96 /* 125-food.png */ = {isa = PBXFileReference; lastKnownFileType = image.png; name = "125-food.png"; path = "../../../../programming/ios/app1/CanIEat/125-food.png"; sourceTree = "<group>"; };
		9E8E6C3013BE6B8F00879142 /* sodaIcon.png */ = {isa = PBXFileReference; lastKnownFileType = image.png; path = sodaIcon.png; sourceTree = "<group>"; };
		9E8E6C3213BE6BC200879142 /* hamburger-icon.png */ = {isa = PBXFileReference; lastKnownFileType = image.png; path = "hamburger-icon.png"; sourceTree = "<group>"; };
		9E8E6C3513BE6C1400879142 /* salad.jpg */ = {isa = PBXFileReference; lastKnownFileType = image.jpeg; path = salad.jpg; sourceTree = "<group>"; };
		9E8E6C3613BE6C1400879142 /* hot-dog-icon.png */ = {isa = PBXFileReference; lastKnownFileType = image.png; path = "hot-dog-icon.png"; sourceTree = "<group>"; };
		9E8E6C4313BE6E4100879142 /* Coffee-icon.png */ = {isa = PBXFileReference; lastKnownFileType = image.png; path = "Coffee-icon.png"; sourceTree = "<group>"; };
		9E8E6C4413BE6E4100879142 /* coffeIcon.png */ = {isa = PBXFileReference; lastKnownFileType = image.png; path = coffeIcon.png; sourceTree = "<group>"; };
		9E8E6C4513BE6E4100879142 /* Beer-icon.png */ = {isa = PBXFileReference; lastKnownFileType = image.png; path = "Beer-icon.png"; sourceTree = "<group>"; };
		9E8E6C4613BE6E4100879142 /* soft-drink-icon.png */ = {isa = PBXFileReference; lastKnownFileType = image.png; path = "soft-drink-icon.png"; sourceTree = "<group>"; };
		9E8E6C4713BE6E4100879142 /* iceCreamIcon.png */ = {isa = PBXFileReference; lastKnownFileType = image.png; path = iceCreamIcon.png; sourceTree = "<group>"; };
		9E8E6C4813BE6E4100879142 /* pizza-slice-icon.png */ = {isa = PBXFileReference; lastKnownFileType = image.png; path = "pizza-slice-icon.png"; sourceTree = "<group>"; };
		9E8E6C4913BE6E4100879142 /* friesIcon.png */ = {isa = PBXFileReference; lastKnownFileType = image.png; path = friesIcon.png; sourceTree = "<group>"; };
		9E8E6C5213BE71BF00879142 /* starIcon.png */ = {isa = PBXFileReference; lastKnownFileType = image.png; path = starIcon.png; sourceTree = "<group>"; };
		9E8E6C5613BE769700879142 /* leaf.png */ = {isa = PBXFileReference; lastKnownFileType = image.png; path = leaf.png; sourceTree = "<group>"; };
		9E8E6C5813BE792900879142 /* hotSOup.png */ = {isa = PBXFileReference; lastKnownFileType = image.png; path = hotSOup.png; sourceTree = "<group>"; };
		9E8E6C5C13BE79E200879142 /* liquor.png */ = {isa = PBXFileReference; lastKnownFileType = image.png; path = liquor.png; sourceTree = "<group>"; };
		9E8E6C5E13BE7B8900879142 /* mainDish.png */ = {isa = PBXFileReference; lastKnownFileType = image.png; path = mainDish.png; sourceTree = "<group>"; };
		9E8E6C6813BE7CFE00879142 /* EstablishmentObject.h */ = {isa = PBXFileReference; fileEncoding = 4; lastKnownFileType = sourcecode.c.h; path = EstablishmentObject.h; sourceTree = "<group>"; };
		9E8E6C6913BE7CFE00879142 /* EstablishmentObject.m */ = {isa = PBXFileReference; fileEncoding = 4; lastKnownFileType = sourcecode.c.objc; path = EstablishmentObject.m; sourceTree = "<group>"; };
		9E8E6C6C13BE7DB200879142 /* future_feats.rtf */ = {isa = PBXFileReference; fileEncoding = 4; lastKnownFileType = text.rtf; path = future_feats.rtf; sourceTree = "<group>"; };
		9E8E6C6E13BE7DCB00879142 /* general_specs.rtf */ = {isa = PBXFileReference; fileEncoding = 4; lastKnownFileType = text.rtf; path = general_specs.rtf; sourceTree = "<group>"; };
		9E8E6C7013BE838D00879142 /* cart.png */ = {isa = PBXFileReference; lastKnownFileType = image.png; path = cart.png; sourceTree = "<group>"; };
		9E8E6C7213BE84EF00879142 /* cancel.png */ = {isa = PBXFileReference; lastKnownFileType = image.png; path = cancel.png; sourceTree = "<group>"; };
		9E8E6C7313BE84EF00879142 /* cartAdd.png */ = {isa = PBXFileReference; lastKnownFileType = image.png; path = cartAdd.png; sourceTree = "<group>"; };
		9E8E6C7413BE84EF00879142 /* cartRemove.png */ = {isa = PBXFileReference; lastKnownFileType = image.png; path = cartRemove.png; sourceTree = "<group>"; };
		9E8E6C7513BE84F000879142 /* ok.png */ = {isa = PBXFileReference; lastKnownFileType = image.png; path = ok.png; sourceTree = "<group>"; };
		9E8E6C7E13BE875100879142 /* info-icon.png */ = {isa = PBXFileReference; lastKnownFileType = image.png; name = "info-icon.png"; path = "../info-icon.png"; sourceTree = "<group>"; };
		9E8E6C8013BE87A900879142 /* settings.png */ = {isa = PBXFileReference; lastKnownFileType = image.png; path = settings.png; sourceTree = "<group>"; };
		9EFF990A13BFCE0B004390A1 /* userMale.png */ = {isa = PBXFileReference; lastKnownFileType = image.png; path = userMale.png; sourceTree = "<group>"; };
		9EFF990D13BFCE17004390A1 /* userFemale.png */ = {isa = PBXFileReference; lastKnownFileType = image.png; path = userFemale.png; sourceTree = "<group>"; };
/* End PBXFileReference section */

/* Begin PBXFrameworksBuildPhase section */
		7D04DFFC13BC310C00040642 /* Frameworks */ = {
			isa = PBXFrameworksBuildPhase;
			buildActionMask = 2147483647;
			files = (
				7D04E00413BC310C00040642 /* UIKit.framework in Frameworks */,
				7D04E00613BC310C00040642 /* Foundation.framework in Frameworks */,
				7D04E00813BC310C00040642 /* CoreGraphics.framework in Frameworks */,
			);
			runOnlyForDeploymentPostprocessing = 0;
		};
/* End PBXFrameworksBuildPhase section */

/* Begin PBXGroup section */
		7D04DFF413BC310C00040642 = {
			isa = PBXGroup;
			children = (
				7D04E06E13BC33D000040642 /* Controllers */,
				7D9F348A13BCF160002D6B61 /* Views */,
				9E8E6C3413BE6BCA00879142 /* images */,
				7D04E00913BC310C00040642 /* Models */,
				7D9F348813BCF126002D6B61 /* AppDelegate */,
				7D04E02E13BC310D00040642 /* CanIEatTests */,
				7D04E00213BC310C00040642 /* Frameworks */,
				7D04E00013BC310C00040642 /* Products */,
				7D04E01C13BC310C00040642 /* iPad */,
				7D04E01513BC310C00040642 /* iPhone */,
				7D04E04B13BC314A00040642 /* notes.rtf */,
				9E8E6C6E13BE7DCB00879142 /* general_specs.rtf */,
				9E8E6C6C13BE7DB200879142 /* future_feats.rtf */,
			);
			sourceTree = "<group>";
		};
		7D04E00013BC310C00040642 /* Products */ = {
			isa = PBXGroup;
			children = (
				7D04DFFF13BC310C00040642 /* CanIEat.app */,
			);
			name = Products;
			sourceTree = "<group>";
		};
		7D04E00213BC310C00040642 /* Frameworks */ = {
			isa = PBXGroup;
			children = (
				7D04E00313BC310C00040642 /* UIKit.framework */,
				7D04E00513BC310C00040642 /* Foundation.framework */,
				7D04E00713BC310C00040642 /* CoreGraphics.framework */,
			);
			name = Frameworks;
			sourceTree = "<group>";
		};
		7D04E00913BC310C00040642 /* Models */ = {
			isa = PBXGroup;
			children = (
				7D04E04E13BC314A00040642 /* BranchObject.h */,
				7D04E04F13BC314A00040642 /* BranchObject.m */,
				9E8E6C6813BE7CFE00879142 /* EstablishmentObject.h */,
				9E8E6C6913BE7CFE00879142 /* EstablishmentObject.m */,
				7D26E6EF13CC0A6600D372E4 /* toppingObject.h */,
				7D26E6F013CC0A6600D372E4 /* toppingObject.m */,
				7D26E6EB13CC0A5700D372E4 /* sideObject.h */,
				7D26E6EC13CC0A5700D372E4 /* sideObject.m */,
				7D04E04913BC314A00040642 /* MenuObject.h */,
				7D04E04A13BC314A00040642 /* MenuObject.m */,
				7D04E04C13BC314A00040642 /* OrderObject.h */,
				7D04E04D13BC314A00040642 /* OrderObject.m */,
				7D04E05013BC314A00040642 /* UserObject.h */,
				7D04E05113BC314A00040642 /* UserObject.m */,
				7D04E00A13BC310C00040642 /* Supporting Files */,
			);
			name = Models;
			path = CanIEat;
			sourceTree = "<group>";
		};
		7D04E00A13BC310C00040642 /* Supporting Files */ = {
			isa = PBXGroup;
			children = (
				7D04E00B13BC310C00040642 /* CanIEat-Info.plist */,
				7D04E00C13BC310C00040642 /* InfoPlist.strings */,
				7D04E00F13BC310C00040642 /* CanIEat-Prefix.pch */,
				7D04E01013BC310C00040642 /* main.m */,
			);
			name = "Supporting Files";
			sourceTree = "<group>";
		};
		7D04E01513BC310C00040642 /* iPhone */ = {
			isa = PBXGroup;
			children = (
				7D04E01613BC310C00040642 /* CanIEatAppDelegate_iPhone.h */,
				7D04E01713BC310C00040642 /* CanIEatAppDelegate_iPhone.m */,
				7D04E01913BC310C00040642 /* MainWindow_iPhone.xib */,
			);
			name = iPhone;
			path = CanIEat;
			sourceTree = "<group>";
		};
		7D04E01C13BC310C00040642 /* iPad */ = {
			isa = PBXGroup;
			children = (
				7D04E01D13BC310D00040642 /* CanIEatAppDelegate_iPad.h */,
				7D04E01E13BC310D00040642 /* CanIEatAppDelegate_iPad.m */,
				7D04E02013BC310D00040642 /* MainWindow_iPad.xib */,
			);
			name = iPad;
			path = CanIEat;
			sourceTree = "<group>";
		};
		7D04E02E13BC310D00040642 /* CanIEatTests */ = {
			isa = PBXGroup;
			children = (
				7D04E03513BC310D00040642 /* CanIEatTests.h */,
				7D04E03713BC310D00040642 /* CanIEatTests.m */,
				7D04E02F13BC310D00040642 /* Supporting Files */,
			);
			path = CanIEatTests;
			sourceTree = "<group>";
		};
		7D04E02F13BC310D00040642 /* Supporting Files */ = {
			isa = PBXGroup;
			children = (
				7D04E03013BC310D00040642 /* CanIEatTests-Info.plist */,
				7D04E03113BC310D00040642 /* InfoPlist.strings */,
				7D04E03413BC310D00040642 /* CanIEatTests-Prefix.pch */,
			);
			name = "Supporting Files";
			sourceTree = "<group>";
		};
		7D04E06E13BC33D000040642 /* Controllers */ = {
			isa = PBXGroup;
			children = (
				7D31AA2E13CB664F007A9634 /* LoginViewController.h */,
				7D31AA2F13CB664F007A9634 /* LoginViewController.m */,
				7D04E05F13BC329100040642 /* WelcomeScreenViewController.h */,
				7D04E06013BC329100040642 /* WelcomeScreenViewController.m */,
				7D6446F513D3404E001AB73E /* MyOrderViewController.h */,
				7D6446F613D3404E001AB73E /* MyOrderViewController.m */,
				7D6446FB13D343ED001AB73E /* LocationsViewController.h */,
				7D6446FC13D343ED001AB73E /* LocationsViewController.m */,
				7D64470513D34488001AB73E /* SettingsViewController.h */,
				7D64470613D34488001AB73E /* SettingsViewController.m */,
				7D940FD013D5C79A00E80179 /* MenuCategoriesViewController.h */,
				7D940FD113D5C79A00E80179 /* MenuCategoriesViewController.m */,
				7D940FD713D5E2A500E80179 /* MenuListViewController.h */,
				7D940FD813D5E2A600E80179 /* MenuListViewController.m */,
				7D64470013D34447001AB73E /* MenuViewController.h */,
				7D64470113D34447001AB73E /* MenuViewController.m */,
				7D940FE213D5FFE300E80179 /* NewItemViewController.h */,
				7D940FE313D5FFE300E80179 /* NewItemViewController.m */,
				7D1FA62A13D652D8006B9958 /* EditItemViewController.h */,
				7D1FA62B13D652D8006B9958 /* EditItemViewController.m */,
				7D7B9A6813E8F2FB00B457EA /* ReviewItemVC.h */,
				7D7B9A6913E8F2FB00B457EA /* ReviewItemVC.m */,
			);
			name = Controllers;
			path = CanIEat;
			sourceTree = "<group>";
		};
		7D9F348813BCF126002D6B61 /* AppDelegate */ = {
			isa = PBXGroup;
			children = (
				7D04E04113BC311F00040642 /* CanIEatAppDelegate.h */,
				7D04E04213BC311F00040642 /* CanIEatAppDelegate.m */,
			);
			name = AppDelegate;
			path = CanIEat;
			sourceTree = "<group>";
		};
		7D9F348A13BCF160002D6B61 /* Views */ = {
			isa = PBXGroup;
			children = (
				7D31AA3013CB664F007A9634 /* LoginViewController.xib */,
				7D04E06113BC329100040642 /* WelcomeScreenViewController.xib */,
				7D940FD213D5C79A00E80179 /* MenuCategoriesViewController.xib */,
				7D940FD913D5E2A600E80179 /* MenuListViewController.xib */,
				7D64470213D34447001AB73E /* MenuViewController.xib */,
				7D6446F713D3404E001AB73E /* MyOrderViewController.xib */,
				7D6446FD13D343ED001AB73E /* LocationsViewController.xib */,
				7D64470713D34488001AB73E /* SettingsViewController.xib */,
				7D940FE413D5FFE400E80179 /* NewItemViewController.xib */,
				7D1FA62C13D652D8006B9958 /* EditItemViewController.xib */,
				7D7B9A6A13E8F2FB00B457EA /* ReviewItemVC.xib */,
			);
			name = Views;
			path = CanIEat;
			sourceTree = "<group>";
		};
		9E8E6C3413BE6BCA00879142 /* images */ = {
			isa = PBXGroup;
			children = (
				7D940FE013D5EDFF00E80179 /* steak_&_potatoes.jpg */,
				7D940FDE13D5EDF200E80179 /* pasta_broccoli.jpg */,
				7D940FDC13D5EDE600E80179 /* ranch_&_ bacon_chicken_sandwich.jpg */,
				7D77118213E77E33006A0277 /* 43-film-roll.png */,
				7D940FD513D5C97600E80179 /* 80-shopping-cart.png */,
				7D77117A13E77C3D006A0277 /* 06-magnify.png */,
				7DCCCD0C13D3EE7F00CD7D96 /* 36-toolbox.png */,
				7D77118413E77EE3006A0277 /* 86-camera.png */,
				9E8E6C7E13BE875100879142 /* info-icon.png */,
				9E8E6C7013BE838D00879142 /* cart.png */,
				7D77118013E77C76006A0277 /* 121-landscape.png */,
				7D77117C13E77C46006A0277 /* 20-gear2.png */,
				7DCCCD0E13D3EF0700CD7D96 /* 48-fork-and-knife.png */,
				9E8E6C3013BE6B8F00879142 /* sodaIcon.png */,
				7D77117E13E77C4C006A0277 /* 73-radar.png */,
				9E8E6C5C13BE79E200879142 /* liquor.png */,
				9EFF990D13BFCE17004390A1 /* userFemale.png */,
				9EFF990A13BFCE0B004390A1 /* userMale.png */,
				9E8E6C3513BE6C1400879142 /* salad.jpg */,
				7DCCCD1213D3F25F00CD7D96 /* 125-food.png */,
				9E8E6C8013BE87A900879142 /* settings.png */,
				9E8E6C5E13BE7B8900879142 /* mainDish.png */,
				9E8E6C7213BE84EF00879142 /* cancel.png */,
				9E8E6C7313BE84EF00879142 /* cartAdd.png */,
				9E8E6C7413BE84EF00879142 /* cartRemove.png */,
				9E8E6C7513BE84F000879142 /* ok.png */,
				9E8E6C5813BE792900879142 /* hotSOup.png */,
				9E8E6C5613BE769700879142 /* leaf.png */,
				9E8E6C4313BE6E4100879142 /* Coffee-icon.png */,
				9E8E6C5213BE71BF00879142 /* starIcon.png */,
				9E8E6C4413BE6E4100879142 /* coffeIcon.png */,
				9E8E6C4513BE6E4100879142 /* Beer-icon.png */,
				9E8E6C4613BE6E4100879142 /* soft-drink-icon.png */,
				9E8E6C4713BE6E4100879142 /* iceCreamIcon.png */,
				9E8E6C4813BE6E4100879142 /* pizza-slice-icon.png */,
				9E8E6C4913BE6E4100879142 /* friesIcon.png */,
				9E8E6C3613BE6C1400879142 /* hot-dog-icon.png */,
				9E8E6C3213BE6BC200879142 /* hamburger-icon.png */,
			);
			name = images;
			path = CanIEat;
			sourceTree = "<group>";
		};
/* End PBXGroup section */

/* Begin PBXNativeTarget section */
		7D04DFFE13BC310C00040642 /* CanIEat */ = {
			isa = PBXNativeTarget;
			buildConfigurationList = 7D04E03B13BC310D00040642 /* Build configuration list for PBXNativeTarget "CanIEat" */;
			buildPhases = (
				7D04DFFB13BC310C00040642 /* Sources */,
				7D04DFFC13BC310C00040642 /* Frameworks */,
				7D04DFFD13BC310C00040642 /* Resources */,
			);
			buildRules = (
			);
			dependencies = (
			);
			name = CanIEat;
			productName = CanIEat;
			productReference = 7D04DFFF13BC310C00040642 /* CanIEat.app */;
			productType = "com.apple.product-type.application";
		};
/* End PBXNativeTarget section */

/* Begin PBXProject section */
		7D04DFF613BC310C00040642 /* Project object */ = {
			isa = PBXProject;
			buildConfigurationList = 7D04DFF913BC310C00040642 /* Build configuration list for PBXProject "CanIEat" */;
			compatibilityVersion = "Xcode 3.2";
			developmentRegion = English;
			hasScannedForEncodings = 0;
			knownRegions = (
				en,
			);
			mainGroup = 7D04DFF413BC310C00040642;
			productRefGroup = 7D04E00013BC310C00040642 /* Products */;
			projectDirPath = "";
			projectRoot = "";
			targets = (
				7D04DFFE13BC310C00040642 /* CanIEat */,
			);
		};
/* End PBXProject section */

/* Begin PBXResourcesBuildPhase section */
		7D04DFFD13BC310C00040642 /* Resources */ = {
			isa = PBXResourcesBuildPhase;
			buildActionMask = 2147483647;
			files = (
				7D04E00E13BC310C00040642 /* InfoPlist.strings in Resources */,
				7D04E01B13BC310C00040642 /* MainWindow_iPhone.xib in Resources */,
				7D04E02213BC310D00040642 /* MainWindow_iPad.xib in Resources */,
				7D04E05313BC314A00040642 /* notes.rtf in Resources */,
				7D04E06313BC329100040642 /* WelcomeScreenViewController.xib in Resources */,
				9E8E6C3113BE6B8F00879142 /* sodaIcon.png in Resources */,
				9E8E6C3313BE6BC200879142 /* hamburger-icon.png in Resources */,
				9E8E6C3813BE6C1400879142 /* salad.jpg in Resources */,
				9E8E6C3913BE6C1400879142 /* hot-dog-icon.png in Resources */,
				9E8E6C4A13BE6E4100879142 /* Coffee-icon.png in Resources */,
				9E8E6C4B13BE6E4100879142 /* coffeIcon.png in Resources */,
				9E8E6C4C13BE6E4100879142 /* Beer-icon.png in Resources */,
				9E8E6C4D13BE6E4100879142 /* soft-drink-icon.png in Resources */,
				9E8E6C4E13BE6E4100879142 /* iceCreamIcon.png in Resources */,
				9E8E6C4F13BE6E4100879142 /* pizza-slice-icon.png in Resources */,
				9E8E6C5013BE6E4100879142 /* friesIcon.png in Resources */,
				9E8E6C5313BE71BF00879142 /* starIcon.png in Resources */,
				9E8E6C5713BE769700879142 /* leaf.png in Resources */,
				9E8E6C5A13BE792A00879142 /* hotSOup.png in Resources */,
				9E8E6C5D13BE79E200879142 /* liquor.png in Resources */,
				9E8E6C5F13BE7B8900879142 /* mainDish.png in Resources */,
				9E8E6C6D13BE7DB200879142 /* future_feats.rtf in Resources */,
				9E8E6C6F13BE7DCB00879142 /* general_specs.rtf in Resources */,
				9E8E6C7113BE838D00879142 /* cart.png in Resources */,
				9E8E6C7613BE84F000879142 /* cancel.png in Resources */,
				9E8E6C7713BE84F000879142 /* cartAdd.png in Resources */,
				9E8E6C7813BE84F000879142 /* cartRemove.png in Resources */,
				9E8E6C7913BE84F000879142 /* ok.png in Resources */,
				9E8E6C7F13BE875200879142 /* info-icon.png in Resources */,
				9E8E6C8113BE87AA00879142 /* settings.png in Resources */,
				9EFF990B13BFCE0B004390A1 /* userMale.png in Resources */,
				9EFF990E13BFCE17004390A1 /* userFemale.png in Resources */,
				7D31AA3213CB664F007A9634 /* LoginViewController.xib in Resources */,
				7D6446F913D3404E001AB73E /* MyOrderViewController.xib in Resources */,
				7D6446FF13D343ED001AB73E /* LocationsViewController.xib in Resources */,
				7D64470413D34448001AB73E /* MenuViewController.xib in Resources */,
				7D64470913D34489001AB73E /* SettingsViewController.xib in Resources */,
				7DCCCD0D13D3EE7F00CD7D96 /* 36-toolbox.png in Resources */,
				7DCCCD0F13D3EF0700CD7D96 /* 48-fork-and-knife.png in Resources */,
				7DCCCD1313D3F25F00CD7D96 /* 125-food.png in Resources */,
				7D940FD413D5C79A00E80179 /* MenuCategoriesViewController.xib in Resources */,
				7D940FD613D5C97600E80179 /* 80-shopping-cart.png in Resources */,
				7D940FDB13D5E2A600E80179 /* MenuListViewController.xib in Resources */,
				7D940FDD13D5EDE600E80179 /* ranch_&_ bacon_chicken_sandwich.jpg in Resources */,
				7D940FDF13D5EDF200E80179 /* pasta_broccoli.jpg in Resources */,
				7D940FE113D5EDFF00E80179 /* steak_&_potatoes.jpg in Resources */,
				7D940FE613D5FFE400E80179 /* NewItemViewController.xib in Resources */,
				7D1FA62E13D652D8006B9958 /* EditItemViewController.xib in Resources */,
				7D77117B13E77C3D006A0277 /* 06-magnify.png in Resources */,
				7D77117D13E77C46006A0277 /* 20-gear2.png in Resources */,
				7D77117F13E77C4C006A0277 /* 73-radar.png in Resources */,
				7D77118113E77C76006A0277 /* 121-landscape.png in Resources */,
				7D77118313E77E33006A0277 /* 43-film-roll.png in Resources */,
				7D77118513E77EE3006A0277 /* 86-camera.png in Resources */,
				7D7B9A6C13E8F2FB00B457EA /* ReviewItemVC.xib in Resources */,
			);
			runOnlyForDeploymentPostprocessing = 0;
		};
/* End PBXResourcesBuildPhase section */

/* Begin PBXSourcesBuildPhase section */
		7D04DFFB13BC310C00040642 /* Sources */ = {
			isa = PBXSourcesBuildPhase;
			buildActionMask = 2147483647;
			files = (
				7D04E01113BC310C00040642 /* main.m in Sources */,
				7D04E01813BC310C00040642 /* CanIEatAppDelegate_iPhone.m in Sources */,
				7D04E01F13BC310D00040642 /* CanIEatAppDelegate_iPad.m in Sources */,
				7D04E04313BC311F00040642 /* CanIEatAppDelegate.m in Sources */,
				7D04E05213BC314A00040642 /* MenuObject.m in Sources */,
				7D04E05413BC314A00040642 /* OrderObject.m in Sources */,
				7D04E05513BC314A00040642 /* BranchObject.m in Sources */,
				7D04E05613BC314A00040642 /* UserObject.m in Sources */,
				7D04E06213BC329100040642 /* WelcomeScreenViewController.m in Sources */,
				9E8E6C6A13BE7CFE00879142 /* EstablishmentObject.m in Sources */,
				7D31AA3113CB664F007A9634 /* LoginViewController.m in Sources */,
				7D26E6ED13CC0A5700D372E4 /* sideObject.m in Sources */,
				7D26E6F113CC0A6600D372E4 /* toppingObject.m in Sources */,
				7D6446F813D3404E001AB73E /* MyOrderViewController.m in Sources */,
				7D6446FE13D343ED001AB73E /* LocationsViewController.m in Sources */,
				7D64470313D34448001AB73E /* MenuViewController.m in Sources */,
				7D64470813D34489001AB73E /* SettingsViewController.m in Sources */,
				7D940FD313D5C79A00E80179 /* MenuCategoriesViewController.m in Sources */,
				7D940FDA13D5E2A600E80179 /* MenuListViewController.m in Sources */,
				7D940FE513D5FFE400E80179 /* NewItemViewController.m in Sources */,
				7D1FA62D13D652D8006B9958 /* EditItemViewController.m in Sources */,
				7D7B9A6B13E8F2FB00B457EA /* ReviewItemVC.m in Sources */,
			);
			runOnlyForDeploymentPostprocessing = 0;
		};
/* End PBXSourcesBuildPhase section */

/* Begin PBXVariantGroup section */
		7D04E00C13BC310C00040642 /* InfoPlist.strings */ = {
			isa = PBXVariantGroup;
			children = (
				7D04E00D13BC310C00040642 /* en */,
			);
			name = InfoPlist.strings;
			sourceTree = "<group>";
		};
		7D04E01913BC310C00040642 /* MainWindow_iPhone.xib */ = {
			isa = PBXVariantGroup;
			children = (
				7D04E01A13BC310C00040642 /* en */,
			);
			name = MainWindow_iPhone.xib;
			sourceTree = "<group>";
		};
		7D04E02013BC310D00040642 /* MainWindow_iPad.xib */ = {
			isa = PBXVariantGroup;
			children = (
				7D04E02113BC310D00040642 /* en */,
			);
			name = MainWindow_iPad.xib;
			sourceTree = "<group>";
		};
		7D04E03113BC310D00040642 /* InfoPlist.strings */ = {
			isa = PBXVariantGroup;
			children = (
				7D04E03213BC310D00040642 /* en */,
			);
			name = InfoPlist.strings;
			sourceTree = "<group>";
		};
/* End PBXVariantGroup section */

/* Begin XCBuildConfiguration section */
		7D04E03913BC310D00040642 /* Debug */ = {
			isa = XCBuildConfiguration;
			buildSettings = {
				ARCHS = "$(ARCHS_STANDARD_32_BIT)";
				"CODE_SIGN_IDENTITY[sdk=iphoneos*]" = "iPhone Developer";
				GCC_C_LANGUAGE_STANDARD = gnu99;
				GCC_OPTIMIZATION_LEVEL = 0;
				GCC_PREPROCESSOR_DEFINITIONS = DEBUG;
				GCC_SYMBOLS_PRIVATE_EXTERN = NO;
				GCC_VERSION = com.apple.compilers.llvmgcc42;
				GCC_WARN_ABOUT_RETURN_TYPE = YES;
				GCC_WARN_UNUSED_VARIABLE = YES;
				IPHONEOS_DEPLOYMENT_TARGET = 4.3;
				SDKROOT = iphoneos;
				TARGETED_DEVICE_FAMILY = "1,2";
			};
			name = Debug;
		};
		7D04E03A13BC310D00040642 /* Release */ = {
			isa = XCBuildConfiguration;
			buildSettings = {
				ARCHS = "$(ARCHS_STANDARD_32_BIT)";
				"CODE_SIGN_IDENTITY[sdk=iphoneos*]" = "iPhone Developer";
				GCC_C_LANGUAGE_STANDARD = gnu99;
				GCC_VERSION = com.apple.compilers.llvmgcc42;
				GCC_WARN_ABOUT_RETURN_TYPE = YES;
				GCC_WARN_UNUSED_VARIABLE = YES;
				IPHONEOS_DEPLOYMENT_TARGET = 4.3;
				OTHER_CFLAGS = "-DNS_BLOCK_ASSERTIONS=1";
				SDKROOT = iphoneos;
				TARGETED_DEVICE_FAMILY = "1,2";
			};
			name = Release;
		};
		7D04E03C13BC310D00040642 /* Debug */ = {
			isa = XCBuildConfiguration;
			buildSettings = {
				ALWAYS_SEARCH_USER_PATHS = NO;
				COPY_PHASE_STRIP = NO;
				GCC_DYNAMIC_NO_PIC = NO;
				GCC_PRECOMPILE_PREFIX_HEADER = YES;
				GCC_PREFIX_HEADER = "CanIEat/CanIEat-Prefix.pch";
				INFOPLIST_FILE = "CanIEat/CanIEat-Info.plist";
				IPHONEOS_DEPLOYMENT_TARGET = 4.3;
				PRODUCT_NAME = "$(TARGET_NAME)";
				WRAPPER_EXTENSION = app;
			};
			name = Debug;
		};
		7D04E03D13BC310D00040642 /* Release */ = {
			isa = XCBuildConfiguration;
			buildSettings = {
				ALWAYS_SEARCH_USER_PATHS = NO;
				COPY_PHASE_STRIP = YES;
				GCC_PRECOMPILE_PREFIX_HEADER = YES;
				GCC_PREFIX_HEADER = "CanIEat/CanIEat-Prefix.pch";
				INFOPLIST_FILE = "CanIEat/CanIEat-Info.plist";
				IPHONEOS_DEPLOYMENT_TARGET = 4.3;
				PRODUCT_NAME = "$(TARGET_NAME)";
				VALIDATE_PRODUCT = YES;
				WRAPPER_EXTENSION = app;
			};
			name = Release;
		};
/* End XCBuildConfiguration section */

/* Begin XCConfigurationList section */
		7D04DFF913BC310C00040642 /* Build configuration list for PBXProject "CanIEat" */ = {
			isa = XCConfigurationList;
			buildConfigurations = (
				7D04E03913BC310D00040642 /* Debug */,
				7D04E03A13BC310D00040642 /* Release */,
			);
			defaultConfigurationIsVisible = 0;
			defaultConfigurationName = Release;
		};
		7D04E03B13BC310D00040642 /* Build configuration list for PBXNativeTarget "CanIEat" */ = {
			isa = XCConfigurationList;
			buildConfigurations = (
				7D04E03C13BC310D00040642 /* Debug */,
				7D04E03D13BC310D00040642 /* Release */,
			);
			defaultConfigurationIsVisible = 0;
			defaultConfigurationName = Release;
		};
/* End XCConfigurationList section */
	};
	rootObject = 7D04DFF613BC310C00040642 /* Project object */;
}
