// !$*UTF8*$!
{
	archiveVersion = 1;
	classes = {
	};
	objectVersion = 46;
	objects = {

/* Begin PBXBuildFile section */
		7D61873413B054A1005E9189 /* UIKit.framework in Frameworks */ = {isa = PBXBuildFile; fileRef = 7D61873313B054A1005E9189 /* UIKit.framework */; };
		7D61873613B054A1005E9189 /* Foundation.framework in Frameworks */ = {isa = PBXBuildFile; fileRef = 7D61873513B054A1005E9189 /* Foundation.framework */; };
		7D61873813B054A1005E9189 /* CoreGraphics.framework in Frameworks */ = {isa = PBXBuildFile; fileRef = 7D61873713B054A1005E9189 /* CoreGraphics.framework */; };
		7D61873E13B054A1005E9189 /* InfoPlist.strings in Resources */ = {isa = PBXBuildFile; fileRef = 7D61873C13B054A1005E9189 /* InfoPlist.strings */; };
		7D61874113B054A1005E9189 /* main.m in Sources */ = {isa = PBXBuildFile; fileRef = 7D61874013B054A1005E9189 /* main.m */; };
		7D61874413B054A1005E9189 /* CanIEatAppDelegate.m in Sources */ = {isa = PBXBuildFile; fileRef = 7D61874313B054A1005E9189 /* CanIEatAppDelegate.m */; };
		7D61874813B054A1005E9189 /* CanIEatAppDelegate_iPhone.m in Sources */ = {isa = PBXBuildFile; fileRef = 7D61874713B054A1005E9189 /* CanIEatAppDelegate_iPhone.m */; };
		7D61874B13B054A1005E9189 /* MainWindow_iPhone.xib in Resources */ = {isa = PBXBuildFile; fileRef = 7D61874913B054A1005E9189 /* MainWindow_iPhone.xib */; };
		7D61874F13B054A1005E9189 /* CanIEatAppDelegate_iPad.m in Sources */ = {isa = PBXBuildFile; fileRef = 7D61874E13B054A1005E9189 /* CanIEatAppDelegate_iPad.m */; };
		7D61875213B054A2005E9189 /* MainWindow_iPad.xib in Resources */ = {isa = PBXBuildFile; fileRef = 7D61875013B054A1005E9189 /* MainWindow_iPad.xib */; };
		7D61875913B054A2005E9189 /* UIKit.framework in Frameworks */ = {isa = PBXBuildFile; fileRef = 7D61873313B054A1005E9189 /* UIKit.framework */; };
		7D61875A13B054A2005E9189 /* Foundation.framework in Frameworks */ = {isa = PBXBuildFile; fileRef = 7D61873513B054A1005E9189 /* Foundation.framework */; };
		7D61875B13B054A2005E9189 /* CoreGraphics.framework in Frameworks */ = {isa = PBXBuildFile; fileRef = 7D61873713B054A1005E9189 /* CoreGraphics.framework */; };
		7D61876313B054A2005E9189 /* InfoPlist.strings in Resources */ = {isa = PBXBuildFile; fileRef = 7D61876113B054A2005E9189 /* InfoPlist.strings */; };
		7D61876613B054A2005E9189 /* CanIEatTests.h in Resources */ = {isa = PBXBuildFile; fileRef = 7D61876513B054A2005E9189 /* CanIEatTests.h */; };
		7D61876813B054A2005E9189 /* CanIEatTests.m in Sources */ = {isa = PBXBuildFile; fileRef = 7D61876713B054A2005E9189 /* CanIEatTests.m */; };
		7D61878013B054D9005E9189 /* MenuObject.m in Sources */ = {isa = PBXBuildFile; fileRef = 7D61877C13B054D9005E9189 /* MenuObject.m */; };
		7D61878113B054D9005E9189 /* OrderObject.m in Sources */ = {isa = PBXBuildFile; fileRef = 7D61877E13B054D9005E9189 /* OrderObject.m */; };
		7D61878D13B05699005E9189 /* MainWindow.m in Sources */ = {isa = PBXBuildFile; fileRef = 7D61878B13B05699005E9189 /* MainWindow.m */; };
		7D61878E13B05699005E9189 /* MainWindow.xib in Resources */ = {isa = PBXBuildFile; fileRef = 7D61878C13B05699005E9189 /* MainWindow.xib */; };
		7D61879313B05B3A005E9189 /* RestaurantObject.m in Sources */ = {isa = PBXBuildFile; fileRef = 7D61879213B05B3A005E9189 /* RestaurantObject.m */; };
		7D61879613B05F71005E9189 /* UserObject.m in Sources */ = {isa = PBXBuildFile; fileRef = 7D61879513B05F71005E9189 /* UserObject.m */; };
		7D61879813B062AF005E9189 /* notes.rtf in Resources */ = {isa = PBXBuildFile; fileRef = 7D61879713B062AE005E9189 /* notes.rtf */; };
		7DEB46E013B65700007886FE /* ChangeMenuViewController.m in Sources */ = {isa = PBXBuildFile; fileRef = 7DEB46DE13B65700007886FE /* ChangeMenuViewController.m */; };
		7DEB46E113B65700007886FE /* ChangeMenuViewController.xib in Resources */ = {isa = PBXBuildFile; fileRef = 7DEB46DF13B65700007886FE /* ChangeMenuViewController.xib */; };
/* End PBXBuildFile section */

/* Begin PBXContainerItemProxy section */
		7D61875C13B054A2005E9189 /* PBXContainerItemProxy */ = {
			isa = PBXContainerItemProxy;
			containerPortal = 7D61872613B054A1005E9189 /* Project object */;
			proxyType = 1;
			remoteGlobalIDString = 7D61872E13B054A1005E9189;
			remoteInfo = CanIEat;
		};
/* End PBXContainerItemProxy section */

/* Begin PBXFileReference section */
		7D61872F13B054A1005E9189 /* CanIEat.app */ = {isa = PBXFileReference; explicitFileType = wrapper.application; includeInIndex = 0; path = CanIEat.app; sourceTree = BUILT_PRODUCTS_DIR; };
		7D61873313B054A1005E9189 /* UIKit.framework */ = {isa = PBXFileReference; lastKnownFileType = wrapper.framework; name = UIKit.framework; path = System/Library/Frameworks/UIKit.framework; sourceTree = SDKROOT; };
		7D61873513B054A1005E9189 /* Foundation.framework */ = {isa = PBXFileReference; lastKnownFileType = wrapper.framework; name = Foundation.framework; path = System/Library/Frameworks/Foundation.framework; sourceTree = SDKROOT; };
		7D61873713B054A1005E9189 /* CoreGraphics.framework */ = {isa = PBXFileReference; lastKnownFileType = wrapper.framework; name = CoreGraphics.framework; path = System/Library/Frameworks/CoreGraphics.framework; sourceTree = SDKROOT; };
		7D61873B13B054A1005E9189 /* CanIEat-Info.plist */ = {isa = PBXFileReference; lastKnownFileType = text.plist.xml; path = "CanIEat-Info.plist"; sourceTree = "<group>"; };
		7D61873D13B054A1005E9189 /* en */ = {isa = PBXFileReference; lastKnownFileType = text.plist.strings; name = en; path = en.lproj/InfoPlist.strings; sourceTree = "<group>"; };
		7D61873F13B054A1005E9189 /* CanIEat-Prefix.pch */ = {isa = PBXFileReference; lastKnownFileType = sourcecode.c.h; path = "CanIEat-Prefix.pch"; sourceTree = "<group>"; };
		7D61874013B054A1005E9189 /* main.m */ = {isa = PBXFileReference; lastKnownFileType = sourcecode.c.objc; path = main.m; sourceTree = "<group>"; };
		7D61874213B054A1005E9189 /* CanIEatAppDelegate.h */ = {isa = PBXFileReference; lastKnownFileType = sourcecode.c.h; path = CanIEatAppDelegate.h; sourceTree = "<group>"; };
		7D61874313B054A1005E9189 /* CanIEatAppDelegate.m */ = {isa = PBXFileReference; lastKnownFileType = sourcecode.c.objc; path = CanIEatAppDelegate.m; sourceTree = "<group>"; };
		7D61874613B054A1005E9189 /* CanIEatAppDelegate_iPhone.h */ = {isa = PBXFileReference; lastKnownFileType = sourcecode.c.h; name = CanIEatAppDelegate_iPhone.h; path = iPhone/CanIEatAppDelegate_iPhone.h; sourceTree = "<group>"; };
		7D61874713B054A1005E9189 /* CanIEatAppDelegate_iPhone.m */ = {isa = PBXFileReference; lastKnownFileType = sourcecode.c.objc; name = CanIEatAppDelegate_iPhone.m; path = iPhone/CanIEatAppDelegate_iPhone.m; sourceTree = "<group>"; };
		7D61874A13B054A1005E9189 /* en */ = {isa = PBXFileReference; lastKnownFileType = file.xib; name = en; path = iPhone/en.lproj/MainWindow_iPhone.xib; sourceTree = "<group>"; };
		7D61874D13B054A1005E9189 /* CanIEatAppDelegate_iPad.h */ = {isa = PBXFileReference; lastKnownFileType = sourcecode.c.h; name = CanIEatAppDelegate_iPad.h; path = iPad/CanIEatAppDelegate_iPad.h; sourceTree = "<group>"; };
		7D61874E13B054A1005E9189 /* CanIEatAppDelegate_iPad.m */ = {isa = PBXFileReference; lastKnownFileType = sourcecode.c.objc; name = CanIEatAppDelegate_iPad.m; path = iPad/CanIEatAppDelegate_iPad.m; sourceTree = "<group>"; };
		7D61875113B054A2005E9189 /* en */ = {isa = PBXFileReference; lastKnownFileType = file.xib; name = en; path = iPad/en.lproj/MainWindow_iPad.xib; sourceTree = "<group>"; };
		7D61875813B054A2005E9189 /* CanIEatTests.octest */ = {isa = PBXFileReference; explicitFileType = wrapper.cfbundle; includeInIndex = 0; path = CanIEatTests.octest; sourceTree = BUILT_PRODUCTS_DIR; };
		7D61876013B054A2005E9189 /* CanIEatTests-Info.plist */ = {isa = PBXFileReference; lastKnownFileType = text.plist.xml; path = "CanIEatTests-Info.plist"; sourceTree = "<group>"; };
		7D61876213B054A2005E9189 /* en */ = {isa = PBXFileReference; lastKnownFileType = text.plist.strings; name = en; path = en.lproj/InfoPlist.strings; sourceTree = "<group>"; };
		7D61876413B054A2005E9189 /* CanIEatTests-Prefix.pch */ = {isa = PBXFileReference; lastKnownFileType = sourcecode.c.h; path = "CanIEatTests-Prefix.pch"; sourceTree = "<group>"; };
		7D61876513B054A2005E9189 /* CanIEatTests.h */ = {isa = PBXFileReference; lastKnownFileType = sourcecode.c.h; path = CanIEatTests.h; sourceTree = "<group>"; };
		7D61876713B054A2005E9189 /* CanIEatTests.m */ = {isa = PBXFileReference; lastKnownFileType = sourcecode.c.objc; path = CanIEatTests.m; sourceTree = "<group>"; };
		7D61877B13B054D9005E9189 /* MenuObject.h */ = {isa = PBXFileReference; fileEncoding = 4; lastKnownFileType = sourcecode.c.h; path = MenuObject.h; sourceTree = "<group>"; };
		7D61877C13B054D9005E9189 /* MenuObject.m */ = {isa = PBXFileReference; fileEncoding = 4; lastKnownFileType = sourcecode.c.objc; path = MenuObject.m; sourceTree = "<group>"; };
		7D61877D13B054D9005E9189 /* OrderObject.h */ = {isa = PBXFileReference; fileEncoding = 4; lastKnownFileType = sourcecode.c.h; path = OrderObject.h; sourceTree = "<group>"; };
		7D61877E13B054D9005E9189 /* OrderObject.m */ = {isa = PBXFileReference; fileEncoding = 4; lastKnownFileType = sourcecode.c.objc; path = OrderObject.m; sourceTree = "<group>"; };
		7D61878A13B05699005E9189 /* MainWindow.h */ = {isa = PBXFileReference; fileEncoding = 4; lastKnownFileType = sourcecode.c.h; name = MainWindow.h; path = CanIEat.xcodeproj/MainWindow.h; sourceTree = "<group>"; };
		7D61878B13B05699005E9189 /* MainWindow.m */ = {isa = PBXFileReference; fileEncoding = 4; lastKnownFileType = sourcecode.c.objc; name = MainWindow.m; path = CanIEat.xcodeproj/MainWindow.m; sourceTree = "<group>"; };
		7D61878C13B05699005E9189 /* MainWindow.xib */ = {isa = PBXFileReference; fileEncoding = 4; lastKnownFileType = file.xib; name = MainWindow.xib; path = CanIEat.xcodeproj/MainWindow.xib; sourceTree = "<group>"; };
		7D61879113B05B3A005E9189 /* RestaurantObject.h */ = {isa = PBXFileReference; fileEncoding = 4; lastKnownFileType = sourcecode.c.h; path = RestaurantObject.h; sourceTree = "<group>"; };
		7D61879213B05B3A005E9189 /* RestaurantObject.m */ = {isa = PBXFileReference; fileEncoding = 4; lastKnownFileType = sourcecode.c.objc; path = RestaurantObject.m; sourceTree = "<group>"; };
		7D61879413B05F71005E9189 /* UserObject.h */ = {isa = PBXFileReference; fileEncoding = 4; lastKnownFileType = sourcecode.c.h; path = UserObject.h; sourceTree = "<group>"; };
		7D61879513B05F71005E9189 /* UserObject.m */ = {isa = PBXFileReference; fileEncoding = 4; lastKnownFileType = sourcecode.c.objc; path = UserObject.m; sourceTree = "<group>"; };
		7D61879713B062AE005E9189 /* notes.rtf */ = {isa = PBXFileReference; fileEncoding = 4; lastKnownFileType = text.rtf; name = notes.rtf; path = CanIEat/notes.rtf; sourceTree = "<group>"; };
		7DEB46DD13B65700007886FE /* ChangeMenuViewController.h */ = {isa = PBXFileReference; fileEncoding = 4; lastKnownFileType = sourcecode.c.h; name = ChangeMenuViewController.h; path = ../../../../programming/ios/app1/CanIEat/ChangeMenuViewController.h; sourceTree = "<group>"; };
		7DEB46DE13B65700007886FE /* ChangeMenuViewController.m */ = {isa = PBXFileReference; fileEncoding = 4; lastKnownFileType = sourcecode.c.objc; name = ChangeMenuViewController.m; path = ../../../../programming/ios/app1/CanIEat/ChangeMenuViewController.m; sourceTree = "<group>"; };
		7DEB46DF13B65700007886FE /* ChangeMenuViewController.xib */ = {isa = PBXFileReference; fileEncoding = 4; lastKnownFileType = file.xib; name = ChangeMenuViewController.xib; path = ../../../../programming/ios/app1/CanIEat/ChangeMenuViewController.xib; sourceTree = "<group>"; };
/* End PBXFileReference section */

/* Begin PBXFrameworksBuildPhase section */
		7D61872C13B054A1005E9189 /* Frameworks */ = {
			isa = PBXFrameworksBuildPhase;
			buildActionMask = 2147483647;
			files = (
				7D61873413B054A1005E9189 /* UIKit.framework in Frameworks */,
				7D61873613B054A1005E9189 /* Foundation.framework in Frameworks */,
				7D61873813B054A1005E9189 /* CoreGraphics.framework in Frameworks */,
			);
			runOnlyForDeploymentPostprocessing = 0;
		};
		7D61875413B054A2005E9189 /* Frameworks */ = {
			isa = PBXFrameworksBuildPhase;
			buildActionMask = 2147483647;
			files = (
				7D61875913B054A2005E9189 /* UIKit.framework in Frameworks */,
				7D61875A13B054A2005E9189 /* Foundation.framework in Frameworks */,
				7D61875B13B054A2005E9189 /* CoreGraphics.framework in Frameworks */,
			);
			runOnlyForDeploymentPostprocessing = 0;
		};
/* End PBXFrameworksBuildPhase section */

/* Begin PBXGroup section */
		7D61872413B054A1005E9189 = {
			isa = PBXGroup;
			children = (
				7D61879013B056B1005E9189 /* MainWindow */,
				7D61873913B054A1005E9189 /* CanIEat */,
				7D61875E13B054A2005E9189 /* CanIEatTests */,
				7D61873213B054A1005E9189 /* Frameworks */,
				7D61873013B054A1005E9189 /* Products */,
				7D61879713B062AE005E9189 /* notes.rtf */,
			);
			sourceTree = "<group>";
		};
		7D61873013B054A1005E9189 /* Products */ = {
			isa = PBXGroup;
			children = (
				7D61872F13B054A1005E9189 /* CanIEat.app */,
				7D61875813B054A2005E9189 /* CanIEatTests.octest */,
			);
			name = Products;
			sourceTree = "<group>";
		};
		7D61873213B054A1005E9189 /* Frameworks */ = {
			isa = PBXGroup;
			children = (
				7D61873313B054A1005E9189 /* UIKit.framework */,
				7D61873513B054A1005E9189 /* Foundation.framework */,
				7D61873713B054A1005E9189 /* CoreGraphics.framework */,
			);
			name = Frameworks;
			sourceTree = "<group>";
		};
		7D61873913B054A1005E9189 /* CanIEat */ = {
			isa = PBXGroup;
			children = (
				7D61879113B05B3A005E9189 /* RestaurantObject.h */,
				7D61879213B05B3A005E9189 /* RestaurantObject.m */,
				7D61877B13B054D9005E9189 /* MenuObject.h */,
				7D61877C13B054D9005E9189 /* MenuObject.m */,
				7D61877D13B054D9005E9189 /* OrderObject.h */,
				7D61877E13B054D9005E9189 /* OrderObject.m */,
				7D61879413B05F71005E9189 /* UserObject.h */,
				7D61879513B05F71005E9189 /* UserObject.m */,
				7D61874213B054A1005E9189 /* CanIEatAppDelegate.h */,
				7D61874313B054A1005E9189 /* CanIEatAppDelegate.m */,
<<<<<<< HEAD
				7DEB46E313B65710007886FE /* viewControllers */,
=======
>>>>>>> 42af3683746e29ac963150a9b7c154ec89145def
				7D61874513B054A1005E9189 /* iPhone */,
				7D61874C13B054A1005E9189 /* iPad */,
				7D61873A13B054A1005E9189 /* Supporting Files */,
			);
			path = CanIEat;
			sourceTree = "<group>";
		};
		7D61873A13B054A1005E9189 /* Supporting Files */ = {
			isa = PBXGroup;
			children = (
				7D61873B13B054A1005E9189 /* CanIEat-Info.plist */,
				7D61873C13B054A1005E9189 /* InfoPlist.strings */,
				7D61873F13B054A1005E9189 /* CanIEat-Prefix.pch */,
				7D61874013B054A1005E9189 /* main.m */,
			);
			name = "Supporting Files";
			sourceTree = "<group>";
		};
		7D61874513B054A1005E9189 /* iPhone */ = {
			isa = PBXGroup;
			children = (
				7D61874613B054A1005E9189 /* CanIEatAppDelegate_iPhone.h */,
				7D61874713B054A1005E9189 /* CanIEatAppDelegate_iPhone.m */,
				7D61874913B054A1005E9189 /* MainWindow_iPhone.xib */,
			);
			name = iPhone;
			sourceTree = "<group>";
		};
		7D61874C13B054A1005E9189 /* iPad */ = {
			isa = PBXGroup;
			children = (
				7D61874D13B054A1005E9189 /* CanIEatAppDelegate_iPad.h */,
				7D61874E13B054A1005E9189 /* CanIEatAppDelegate_iPad.m */,
				7D61875013B054A1005E9189 /* MainWindow_iPad.xib */,
			);
			name = iPad;
			sourceTree = "<group>";
		};
		7D61875E13B054A2005E9189 /* CanIEatTests */ = {
			isa = PBXGroup;
			children = (
				7D61876513B054A2005E9189 /* CanIEatTests.h */,
				7D61876713B054A2005E9189 /* CanIEatTests.m */,
				7D61875F13B054A2005E9189 /* Supporting Files */,
			);
			path = CanIEatTests;
			sourceTree = "<group>";
		};
		7D61875F13B054A2005E9189 /* Supporting Files */ = {
			isa = PBXGroup;
			children = (
				7D61876013B054A2005E9189 /* CanIEatTests-Info.plist */,
				7D61876113B054A2005E9189 /* InfoPlist.strings */,
				7D61876413B054A2005E9189 /* CanIEatTests-Prefix.pch */,
			);
			name = "Supporting Files";
			sourceTree = "<group>";
		};
		7D61879013B056B1005E9189 /* MainWindow */ = {
			isa = PBXGroup;
			children = (
				7D61878A13B05699005E9189 /* MainWindow.h */,
				7D61878B13B05699005E9189 /* MainWindow.m */,
				7D61878C13B05699005E9189 /* MainWindow.xib */,
			);
			name = MainWindow;
			sourceTree = "<group>";
		};
		7DEB46E313B65710007886FE /* viewControllers */ = {
			isa = PBXGroup;
			children = (
				7DEB46DD13B65700007886FE /* ChangeMenuViewController.h */,
				7DEB46DE13B65700007886FE /* ChangeMenuViewController.m */,
				7DEB46DF13B65700007886FE /* ChangeMenuViewController.xib */,
				7D5417B113B44E1F0007E011 /* WelcomeScreenViewController.h */,
				7D5417B213B44E1F0007E011 /* WelcomeScreenViewController.m */,
				7D5417B313B44E1F0007E011 /* WelcomeScreenViewController.xib */,
			);
			name = viewControllers;
			sourceTree = "<group>";
		};
/* End PBXGroup section */

/* Begin PBXNativeTarget section */
		7D61872E13B054A1005E9189 /* CanIEat */ = {
			isa = PBXNativeTarget;
			buildConfigurationList = 7D61876B13B054A2005E9189 /* Build configuration list for PBXNativeTarget "CanIEat" */;
			buildPhases = (
				7D61872B13B054A1005E9189 /* Sources */,
				7D61872C13B054A1005E9189 /* Frameworks */,
				7D61872D13B054A1005E9189 /* Resources */,
			);
			buildRules = (
			);
			dependencies = (
			);
			name = CanIEat;
			productName = CanIEat;
			productReference = 7D61872F13B054A1005E9189 /* CanIEat.app */;
			productType = "com.apple.product-type.application";
		};
		7D61875713B054A2005E9189 /* CanIEatTests */ = {
			isa = PBXNativeTarget;
			buildConfigurationList = 7D61876E13B054A2005E9189 /* Build configuration list for PBXNativeTarget "CanIEatTests" */;
			buildPhases = (
				7D61875313B054A2005E9189 /* Sources */,
				7D61875413B054A2005E9189 /* Frameworks */,
				7D61875513B054A2005E9189 /* Resources */,
				7D61875613B054A2005E9189 /* ShellScript */,
			);
			buildRules = (
			);
			dependencies = (
				7D61875D13B054A2005E9189 /* PBXTargetDependency */,
			);
			name = CanIEatTests;
			productName = CanIEatTests;
			productReference = 7D61875813B054A2005E9189 /* CanIEatTests.octest */;
			productType = "com.apple.product-type.bundle";
		};
/* End PBXNativeTarget section */

/* Begin PBXProject section */
		7D61872613B054A1005E9189 /* Project object */ = {
			isa = PBXProject;
			buildConfigurationList = 7D61872913B054A1005E9189 /* Build configuration list for PBXProject "CanIEat" */;
			compatibilityVersion = "Xcode 3.2";
			developmentRegion = English;
			hasScannedForEncodings = 0;
			knownRegions = (
				en,
			);
			mainGroup = 7D61872413B054A1005E9189;
			productRefGroup = 7D61873013B054A1005E9189 /* Products */;
			projectDirPath = "";
			projectRoot = "";
			targets = (
				7D61872E13B054A1005E9189 /* CanIEat */,
				7D61875713B054A2005E9189 /* CanIEatTests */,
			);
		};
/* End PBXProject section */

/* Begin PBXResourcesBuildPhase section */
		7D61872D13B054A1005E9189 /* Resources */ = {
			isa = PBXResourcesBuildPhase;
			buildActionMask = 2147483647;
			files = (
				7D61873E13B054A1005E9189 /* InfoPlist.strings in Resources */,
				7D61874B13B054A1005E9189 /* MainWindow_iPhone.xib in Resources */,
				7D61875213B054A2005E9189 /* MainWindow_iPad.xib in Resources */,
				7D61878E13B05699005E9189 /* MainWindow.xib in Resources */,
				7D61879813B062AF005E9189 /* notes.rtf in Resources */,
<<<<<<< HEAD
				7D5417B513B44E1F0007E011 /* WelcomeScreenViewController.xib in Resources */,
				7DEB46E113B65700007886FE /* ChangeMenuViewController.xib in Resources */,
=======
>>>>>>> 42af3683746e29ac963150a9b7c154ec89145def
			);
			runOnlyForDeploymentPostprocessing = 0;
		};
		7D61875513B054A2005E9189 /* Resources */ = {
			isa = PBXResourcesBuildPhase;
			buildActionMask = 2147483647;
			files = (
				7D61876313B054A2005E9189 /* InfoPlist.strings in Resources */,
				7D61876613B054A2005E9189 /* CanIEatTests.h in Resources */,
			);
			runOnlyForDeploymentPostprocessing = 0;
		};
/* End PBXResourcesBuildPhase section */

/* Begin PBXShellScriptBuildPhase section */
		7D61875613B054A2005E9189 /* ShellScript */ = {
			isa = PBXShellScriptBuildPhase;
			buildActionMask = 2147483647;
			files = (
			);
			inputPaths = (
			);
			outputPaths = (
			);
			runOnlyForDeploymentPostprocessing = 0;
			shellPath = /bin/sh;
			shellScript = "# Run the unit tests in this test bundle.\n\"${SYSTEM_DEVELOPER_DIR}/Tools/RunUnitTests\"\n";
		};
/* End PBXShellScriptBuildPhase section */

/* Begin PBXSourcesBuildPhase section */
		7D61872B13B054A1005E9189 /* Sources */ = {
			isa = PBXSourcesBuildPhase;
			buildActionMask = 2147483647;
			files = (
				7D61874113B054A1005E9189 /* main.m in Sources */,
				7D61874413B054A1005E9189 /* CanIEatAppDelegate.m in Sources */,
				7D61874813B054A1005E9189 /* CanIEatAppDelegate_iPhone.m in Sources */,
				7D61874F13B054A1005E9189 /* CanIEatAppDelegate_iPad.m in Sources */,
				7D61878013B054D9005E9189 /* MenuObject.m in Sources */,
				7D61878113B054D9005E9189 /* OrderObject.m in Sources */,
				7D61878D13B05699005E9189 /* MainWindow.m in Sources */,
				7D61879313B05B3A005E9189 /* RestaurantObject.m in Sources */,
				7D61879613B05F71005E9189 /* UserObject.m in Sources */,
<<<<<<< HEAD
				7D5417B413B44E1F0007E011 /* WelcomeScreenViewController.m in Sources */,
				7DEB46E013B65700007886FE /* ChangeMenuViewController.m in Sources */,
=======
>>>>>>> 42af3683746e29ac963150a9b7c154ec89145def
			);
			runOnlyForDeploymentPostprocessing = 0;
		};
		7D61875313B054A2005E9189 /* Sources */ = {
			isa = PBXSourcesBuildPhase;
			buildActionMask = 2147483647;
			files = (
				7D61876813B054A2005E9189 /* CanIEatTests.m in Sources */,
			);
			runOnlyForDeploymentPostprocessing = 0;
		};
/* End PBXSourcesBuildPhase section */

/* Begin PBXTargetDependency section */
		7D61875D13B054A2005E9189 /* PBXTargetDependency */ = {
			isa = PBXTargetDependency;
			target = 7D61872E13B054A1005E9189 /* CanIEat */;
			targetProxy = 7D61875C13B054A2005E9189 /* PBXContainerItemProxy */;
		};
/* End PBXTargetDependency section */

/* Begin PBXVariantGroup section */
		7D61873C13B054A1005E9189 /* InfoPlist.strings */ = {
			isa = PBXVariantGroup;
			children = (
				7D61873D13B054A1005E9189 /* en */,
			);
			name = InfoPlist.strings;
			sourceTree = "<group>";
		};
		7D61874913B054A1005E9189 /* MainWindow_iPhone.xib */ = {
			isa = PBXVariantGroup;
			children = (
				7D61874A13B054A1005E9189 /* en */,
			);
			name = MainWindow_iPhone.xib;
			sourceTree = "<group>";
		};
		7D61875013B054A1005E9189 /* MainWindow_iPad.xib */ = {
			isa = PBXVariantGroup;
			children = (
				7D61875113B054A2005E9189 /* en */,
			);
			name = MainWindow_iPad.xib;
			sourceTree = "<group>";
		};
		7D61876113B054A2005E9189 /* InfoPlist.strings */ = {
			isa = PBXVariantGroup;
			children = (
				7D61876213B054A2005E9189 /* en */,
			);
			name = InfoPlist.strings;
			sourceTree = "<group>";
		};
/* End PBXVariantGroup section */

/* Begin XCBuildConfiguration section */
		7D61876913B054A2005E9189 /* Debug */ = {
			isa = XCBuildConfiguration;
			buildSettings = {
				ARCHS = "$(ARCHS_STANDARD_32_BIT)";
				"CODE_SIGN_IDENTITY[sdk=iphoneos*]" = "iPhone Developer";
				GCC_C_LANGUAGE_STANDARD = gnu99;
				GCC_OPTIMIZATION_LEVEL = 0;
				GCC_PREPROCESSOR_DEFINITIONS = DEBUG;
				GCC_SYMBOLS_PRIVATE_EXTERN = NO;
				GCC_VERSION = com.apple.compilers.llvmgcc42;
				GCC_WARN_ABOUT_RETURN_TYPE = YES;
				GCC_WARN_UNUSED_VARIABLE = YES;
				IPHONEOS_DEPLOYMENT_TARGET = 4.3;
				SDKROOT = iphoneos;
				TARGETED_DEVICE_FAMILY = "1,2";
			};
			name = Debug;
		};
		7D61876A13B054A2005E9189 /* Release */ = {
			isa = XCBuildConfiguration;
			buildSettings = {
				ARCHS = "$(ARCHS_STANDARD_32_BIT)";
				"CODE_SIGN_IDENTITY[sdk=iphoneos*]" = "iPhone Developer";
				GCC_C_LANGUAGE_STANDARD = gnu99;
				GCC_VERSION = com.apple.compilers.llvmgcc42;
				GCC_WARN_ABOUT_RETURN_TYPE = YES;
				GCC_WARN_UNUSED_VARIABLE = YES;
				IPHONEOS_DEPLOYMENT_TARGET = 4.3;
				OTHER_CFLAGS = "-DNS_BLOCK_ASSERTIONS=1";
				SDKROOT = iphoneos;
				TARGETED_DEVICE_FAMILY = "1,2";
			};
			name = Release;
		};
		7D61876C13B054A2005E9189 /* Debug */ = {
			isa = XCBuildConfiguration;
			buildSettings = {
				ALWAYS_SEARCH_USER_PATHS = NO;
				COPY_PHASE_STRIP = NO;
				GCC_DYNAMIC_NO_PIC = NO;
				GCC_PRECOMPILE_PREFIX_HEADER = YES;
				GCC_PREFIX_HEADER = "CanIEat/CanIEat-Prefix.pch";
				INFOPLIST_FILE = "CanIEat/CanIEat-Info.plist";
				PRODUCT_NAME = "$(TARGET_NAME)";
				WRAPPER_EXTENSION = app;
			};
			name = Debug;
		};
		7D61876D13B054A2005E9189 /* Release */ = {
			isa = XCBuildConfiguration;
			buildSettings = {
				ALWAYS_SEARCH_USER_PATHS = NO;
				COPY_PHASE_STRIP = YES;
				GCC_PRECOMPILE_PREFIX_HEADER = YES;
				GCC_PREFIX_HEADER = "CanIEat/CanIEat-Prefix.pch";
				INFOPLIST_FILE = "CanIEat/CanIEat-Info.plist";
				PRODUCT_NAME = "$(TARGET_NAME)";
				VALIDATE_PRODUCT = YES;
				WRAPPER_EXTENSION = app;
			};
			name = Release;
		};
		7D61876F13B054A2005E9189 /* Debug */ = {
			isa = XCBuildConfiguration;
			buildSettings = {
				ALWAYS_SEARCH_USER_PATHS = NO;
				BUNDLE_LOADER = "$(BUILT_PRODUCTS_DIR)/CanIEat.app/CanIEat";
				FRAMEWORK_SEARCH_PATHS = (
					"$(SDKROOT)/Developer/Library/Frameworks",
					"$(DEVELOPER_LIBRARY_DIR)/Frameworks",
				);
				GCC_PRECOMPILE_PREFIX_HEADER = YES;
				GCC_PREFIX_HEADER = "CanIEatTests/CanIEatTests-Prefix.pch";
				INFOPLIST_FILE = "CanIEatTests/CanIEatTests-Info.plist";
				OTHER_LDFLAGS = (
					"-framework",
					SenTestingKit,
				);
				PRODUCT_NAME = "$(TARGET_NAME)";
				TEST_HOST = "$(BUNDLE_LOADER)";
				WRAPPER_EXTENSION = octest;
			};
			name = Debug;
		};
		7D61877013B054A2005E9189 /* Release */ = {
			isa = XCBuildConfiguration;
			buildSettings = {
				ALWAYS_SEARCH_USER_PATHS = NO;
				BUNDLE_LOADER = "$(BUILT_PRODUCTS_DIR)/CanIEat.app/CanIEat";
				FRAMEWORK_SEARCH_PATHS = (
					"$(SDKROOT)/Developer/Library/Frameworks",
					"$(DEVELOPER_LIBRARY_DIR)/Frameworks",
				);
				GCC_PRECOMPILE_PREFIX_HEADER = YES;
				GCC_PREFIX_HEADER = "CanIEatTests/CanIEatTests-Prefix.pch";
				INFOPLIST_FILE = "CanIEatTests/CanIEatTests-Info.plist";
				OTHER_LDFLAGS = (
					"-framework",
					SenTestingKit,
				);
				PRODUCT_NAME = "$(TARGET_NAME)";
				TEST_HOST = "$(BUNDLE_LOADER)";
				WRAPPER_EXTENSION = octest;
			};
			name = Release;
		};
/* End XCBuildConfiguration section */

/* Begin XCConfigurationList section */
		7D61872913B054A1005E9189 /* Build configuration list for PBXProject "CanIEat" */ = {
			isa = XCConfigurationList;
			buildConfigurations = (
				7D61876913B054A2005E9189 /* Debug */,
				7D61876A13B054A2005E9189 /* Release */,
			);
			defaultConfigurationIsVisible = 0;
			defaultConfigurationName = Release;
		};
		7D61876B13B054A2005E9189 /* Build configuration list for PBXNativeTarget "CanIEat" */ = {
			isa = XCConfigurationList;
			buildConfigurations = (
				7D61876C13B054A2005E9189 /* Debug */,
				7D61876D13B054A2005E9189 /* Release */,
			);
			defaultConfigurationIsVisible = 0;
			defaultConfigurationName = Release;
		};
		7D61876E13B054A2005E9189 /* Build configuration list for PBXNativeTarget "CanIEatTests" */ = {
			isa = XCConfigurationList;
			buildConfigurations = (
				7D61876F13B054A2005E9189 /* Debug */,
				7D61877013B054A2005E9189 /* Release */,
			);
			defaultConfigurationIsVisible = 0;
			defaultConfigurationName = Release;
		};
/* End XCConfigurationList section */
	};
	rootObject = 7D61872613B054A1005E9189 /* Project object */;
}
