// !$*UTF8*$!
{
	archiveVersion = 1;
	classes = {
	};
	objectVersion = 46;
	objects = {

/* Begin PBXBuildFile section */
		7D04E00413BC310C00040642 /* UIKit.framework in Frameworks */ = {isa = PBXBuildFile; fileRef = 7D04E00313BC310C00040642 /* UIKit.framework */; };
		7D04E00613BC310C00040642 /* Foundation.framework in Frameworks */ = {isa = PBXBuildFile; fileRef = 7D04E00513BC310C00040642 /* Foundation.framework */; };
		7D04E00813BC310C00040642 /* CoreGraphics.framework in Frameworks */ = {isa = PBXBuildFile; fileRef = 7D04E00713BC310C00040642 /* CoreGraphics.framework */; };
		7D04E00E13BC310C00040642 /* InfoPlist.strings in Resources */ = {isa = PBXBuildFile; fileRef = 7D04E00C13BC310C00040642 /* InfoPlist.strings */; };
		7D04E01113BC310C00040642 /* main.m in Sources */ = {isa = PBXBuildFile; fileRef = 7D04E01013BC310C00040642 /* main.m */; };
		7D04E01813BC310C00040642 /* CanIEatAppDelegate_iPhone.m in Sources */ = {isa = PBXBuildFile; fileRef = 7D04E01713BC310C00040642 /* CanIEatAppDelegate_iPhone.m */; };
		7D04E01B13BC310C00040642 /* MainWindow_iPhone.xib in Resources */ = {isa = PBXBuildFile; fileRef = 7D04E01913BC310C00040642 /* MainWindow_iPhone.xib */; };
		7D04E01F13BC310D00040642 /* CanIEatAppDelegate_iPad.m in Sources */ = {isa = PBXBuildFile; fileRef = 7D04E01E13BC310D00040642 /* CanIEatAppDelegate_iPad.m */; };
		7D04E02213BC310D00040642 /* MainWindow_iPad.xib in Resources */ = {isa = PBXBuildFile; fileRef = 7D04E02013BC310D00040642 /* MainWindow_iPad.xib */; };
		7D04E02913BC310D00040642 /* UIKit.framework in Frameworks */ = {isa = PBXBuildFile; fileRef = 7D04E00313BC310C00040642 /* UIKit.framework */; };
		7D04E02A13BC310D00040642 /* Foundation.framework in Frameworks */ = {isa = PBXBuildFile; fileRef = 7D04E00513BC310C00040642 /* Foundation.framework */; };
		7D04E02B13BC310D00040642 /* CoreGraphics.framework in Frameworks */ = {isa = PBXBuildFile; fileRef = 7D04E00713BC310C00040642 /* CoreGraphics.framework */; };
		7D04E03313BC310D00040642 /* InfoPlist.strings in Resources */ = {isa = PBXBuildFile; fileRef = 7D04E03113BC310D00040642 /* InfoPlist.strings */; };
		7D04E03613BC310D00040642 /* CanIEatTests.h in Resources */ = {isa = PBXBuildFile; fileRef = 7D04E03513BC310D00040642 /* CanIEatTests.h */; };
		7D04E03813BC310D00040642 /* CanIEatTests.m in Sources */ = {isa = PBXBuildFile; fileRef = 7D04E03713BC310D00040642 /* CanIEatTests.m */; };
		7D04E04313BC311F00040642 /* CanIEatAppDelegate.m in Sources */ = {isa = PBXBuildFile; fileRef = 7D04E04213BC311F00040642 /* CanIEatAppDelegate.m */; };
		7D04E04713BC313600040642 /* ChangeMenuViewController.m in Sources */ = {isa = PBXBuildFile; fileRef = 7D04E04513BC313600040642 /* ChangeMenuViewController.m */; };
		7D04E04813BC313600040642 /* ChangeMenuViewController.xib in Resources */ = {isa = PBXBuildFile; fileRef = 7D04E04613BC313600040642 /* ChangeMenuViewController.xib */; };
		7D04E05213BC314A00040642 /* MenuObject.m in Sources */ = {isa = PBXBuildFile; fileRef = 7D04E04A13BC314A00040642 /* MenuObject.m */; };
		7D04E05313BC314A00040642 /* notes.rtf in Resources */ = {isa = PBXBuildFile; fileRef = 7D04E04B13BC314A00040642 /* notes.rtf */; };
		7D04E05413BC314A00040642 /* OrderObject.m in Sources */ = {isa = PBXBuildFile; fileRef = 7D04E04D13BC314A00040642 /* OrderObject.m */; };
		7D04E05513BC314A00040642 /* BranchObject.m in Sources */ = {isa = PBXBuildFile; fileRef = 7D04E04F13BC314A00040642 /* BranchObject.m */; };
		7D04E05613BC314A00040642 /* UserObject.m in Sources */ = {isa = PBXBuildFile; fileRef = 7D04E05113BC314A00040642 /* UserObject.m */; };
		7D04E06213BC329100040642 /* WelcomeScreenViewController.m in Sources */ = {isa = PBXBuildFile; fileRef = 7D04E06013BC329100040642 /* WelcomeScreenViewController.m */; };
		7D04E06313BC329100040642 /* WelcomeScreenViewController.xib in Resources */ = {isa = PBXBuildFile; fileRef = 7D04E06113BC329100040642 /* WelcomeScreenViewController.xib */; };
		7D04E07113BC37D600040642 /* EstablishmentObject.m in Sources */ = {isa = PBXBuildFile; fileRef = 7D04E07013BC37D600040642 /* EstablishmentObject.m */; };
		7D04E07513BC394200040642 /* ItemsToOrderByCategoryViewController.m in Sources */ = {isa = PBXBuildFile; fileRef = 7D04E07313BC394100040642 /* ItemsToOrderByCategoryViewController.m */; };
		7D04E07613BC394200040642 /* ItemsToOrderByCategoryViewController.xib in Resources */ = {isa = PBXBuildFile; fileRef = 7D04E07413BC394100040642 /* ItemsToOrderByCategoryViewController.xib */; };
/* End PBXBuildFile section */

/* Begin PBXContainerItemProxy section */
		7D04E02C13BC310D00040642 /* PBXContainerItemProxy */ = {
			isa = PBXContainerItemProxy;
			containerPortal = 7D04DFF613BC310C00040642 /* Project object */;
			proxyType = 1;
			remoteGlobalIDString = 7D04DFFE13BC310C00040642;
			remoteInfo = CanIEat;
		};
/* End PBXContainerItemProxy section */

/* Begin PBXFileReference section */
		7D04DFFF13BC310C00040642 /* CanIEat.app */ = {isa = PBXFileReference; explicitFileType = wrapper.application; includeInIndex = 0; path = CanIEat.app; sourceTree = BUILT_PRODUCTS_DIR; };
		7D04E00313BC310C00040642 /* UIKit.framework */ = {isa = PBXFileReference; lastKnownFileType = wrapper.framework; name = UIKit.framework; path = System/Library/Frameworks/UIKit.framework; sourceTree = SDKROOT; };
		7D04E00513BC310C00040642 /* Foundation.framework */ = {isa = PBXFileReference; lastKnownFileType = wrapper.framework; name = Foundation.framework; path = System/Library/Frameworks/Foundation.framework; sourceTree = SDKROOT; };
		7D04E00713BC310C00040642 /* CoreGraphics.framework */ = {isa = PBXFileReference; lastKnownFileType = wrapper.framework; name = CoreGraphics.framework; path = System/Library/Frameworks/CoreGraphics.framework; sourceTree = SDKROOT; };
		7D04E00B13BC310C00040642 /* CanIEat-Info.plist */ = {isa = PBXFileReference; lastKnownFileType = text.plist.xml; path = "CanIEat-Info.plist"; sourceTree = "<group>"; };
		7D04E00D13BC310C00040642 /* en */ = {isa = PBXFileReference; lastKnownFileType = text.plist.strings; name = en; path = en.lproj/InfoPlist.strings; sourceTree = "<group>"; };
		7D04E00F13BC310C00040642 /* CanIEat-Prefix.pch */ = {isa = PBXFileReference; lastKnownFileType = sourcecode.c.h; path = "CanIEat-Prefix.pch"; sourceTree = "<group>"; };
		7D04E01013BC310C00040642 /* main.m */ = {isa = PBXFileReference; lastKnownFileType = sourcecode.c.objc; path = main.m; sourceTree = "<group>"; };
		7D04E01613BC310C00040642 /* CanIEatAppDelegate_iPhone.h */ = {isa = PBXFileReference; lastKnownFileType = sourcecode.c.h; name = CanIEatAppDelegate_iPhone.h; path = iPhone/CanIEatAppDelegate_iPhone.h; sourceTree = "<group>"; };
		7D04E01713BC310C00040642 /* CanIEatAppDelegate_iPhone.m */ = {isa = PBXFileReference; lastKnownFileType = sourcecode.c.objc; name = CanIEatAppDelegate_iPhone.m; path = iPhone/CanIEatAppDelegate_iPhone.m; sourceTree = "<group>"; };
		7D04E01A13BC310C00040642 /* en */ = {isa = PBXFileReference; lastKnownFileType = file.xib; name = en; path = iPhone/en.lproj/MainWindow_iPhone.xib; sourceTree = "<group>"; };
		7D04E01D13BC310D00040642 /* CanIEatAppDelegate_iPad.h */ = {isa = PBXFileReference; lastKnownFileType = sourcecode.c.h; name = CanIEatAppDelegate_iPad.h; path = iPad/CanIEatAppDelegate_iPad.h; sourceTree = "<group>"; };
		7D04E01E13BC310D00040642 /* CanIEatAppDelegate_iPad.m */ = {isa = PBXFileReference; lastKnownFileType = sourcecode.c.objc; name = CanIEatAppDelegate_iPad.m; path = iPad/CanIEatAppDelegate_iPad.m; sourceTree = "<group>"; };
		7D04E02113BC310D00040642 /* en */ = {isa = PBXFileReference; lastKnownFileType = file.xib; name = en; path = iPad/en.lproj/MainWindow_iPad.xib; sourceTree = "<group>"; };
		7D04E02813BC310D00040642 /* CanIEatTests.octest */ = {isa = PBXFileReference; explicitFileType = wrapper.cfbundle; includeInIndex = 0; path = CanIEatTests.octest; sourceTree = BUILT_PRODUCTS_DIR; };
		7D04E03013BC310D00040642 /* CanIEatTests-Info.plist */ = {isa = PBXFileReference; lastKnownFileType = text.plist.xml; path = "CanIEatTests-Info.plist"; sourceTree = "<group>"; };
		7D04E03213BC310D00040642 /* en */ = {isa = PBXFileReference; lastKnownFileType = text.plist.strings; name = en; path = en.lproj/InfoPlist.strings; sourceTree = "<group>"; };
		7D04E03413BC310D00040642 /* CanIEatTests-Prefix.pch */ = {isa = PBXFileReference; lastKnownFileType = sourcecode.c.h; path = "CanIEatTests-Prefix.pch"; sourceTree = "<group>"; };
		7D04E03513BC310D00040642 /* CanIEatTests.h */ = {isa = PBXFileReference; lastKnownFileType = sourcecode.c.h; path = CanIEatTests.h; sourceTree = "<group>"; };
		7D04E03713BC310D00040642 /* CanIEatTests.m */ = {isa = PBXFileReference; lastKnownFileType = sourcecode.c.objc; path = CanIEatTests.m; sourceTree = "<group>"; };
		7D04E04113BC311F00040642 /* CanIEatAppDelegate.h */ = {isa = PBXFileReference; fileEncoding = 4; lastKnownFileType = sourcecode.c.h; path = CanIEatAppDelegate.h; sourceTree = "<group>"; };
		7D04E04213BC311F00040642 /* CanIEatAppDelegate.m */ = {isa = PBXFileReference; fileEncoding = 4; lastKnownFileType = sourcecode.c.objc; path = CanIEatAppDelegate.m; sourceTree = "<group>"; };
		7D04E04413BC313600040642 /* ChangeMenuViewController.h */ = {isa = PBXFileReference; fileEncoding = 4; lastKnownFileType = sourcecode.c.h; path = ChangeMenuViewController.h; sourceTree = "<group>"; };
		7D04E04513BC313600040642 /* ChangeMenuViewController.m */ = {isa = PBXFileReference; fileEncoding = 4; lastKnownFileType = sourcecode.c.objc; path = ChangeMenuViewController.m; sourceTree = "<group>"; };
		7D04E04613BC313600040642 /* ChangeMenuViewController.xib */ = {isa = PBXFileReference; fileEncoding = 4; lastKnownFileType = file.xib; path = ChangeMenuViewController.xib; sourceTree = "<group>"; };
		7D04E04913BC314A00040642 /* MenuObject.h */ = {isa = PBXFileReference; fileEncoding = 4; lastKnownFileType = sourcecode.c.h; path = MenuObject.h; sourceTree = "<group>"; };
		7D04E04A13BC314A00040642 /* MenuObject.m */ = {isa = PBXFileReference; fileEncoding = 4; lastKnownFileType = sourcecode.c.objc; path = MenuObject.m; sourceTree = "<group>"; };
		7D04E04B13BC314A00040642 /* notes.rtf */ = {isa = PBXFileReference; fileEncoding = 4; lastKnownFileType = text.rtf; name = notes.rtf; path = CanIEat/notes.rtf; sourceTree = "<group>"; };
		7D04E04C13BC314A00040642 /* OrderObject.h */ = {isa = PBXFileReference; fileEncoding = 4; lastKnownFileType = sourcecode.c.h; path = OrderObject.h; sourceTree = "<group>"; };
		7D04E04D13BC314A00040642 /* OrderObject.m */ = {isa = PBXFileReference; fileEncoding = 4; lastKnownFileType = sourcecode.c.objc; path = OrderObject.m; sourceTree = "<group>"; };
		7D04E04E13BC314A00040642 /* BranchObject.h */ = {isa = PBXFileReference; fileEncoding = 4; lastKnownFileType = sourcecode.c.h; path = BranchObject.h; sourceTree = "<group>"; };
		7D04E04F13BC314A00040642 /* BranchObject.m */ = {isa = PBXFileReference; fileEncoding = 4; lastKnownFileType = sourcecode.c.objc; path = BranchObject.m; sourceTree = "<group>"; };
		7D04E05013BC314A00040642 /* UserObject.h */ = {isa = PBXFileReference; fileEncoding = 4; lastKnownFileType = sourcecode.c.h; path = UserObject.h; sourceTree = "<group>"; };
		7D04E05113BC314A00040642 /* UserObject.m */ = {isa = PBXFileReference; fileEncoding = 4; lastKnownFileType = sourcecode.c.objc; path = UserObject.m; sourceTree = "<group>"; };
		7D04E05F13BC329100040642 /* WelcomeScreenViewController.h */ = {isa = PBXFileReference; fileEncoding = 4; lastKnownFileType = sourcecode.c.h; path = WelcomeScreenViewController.h; sourceTree = "<group>"; };
		7D04E06013BC329100040642 /* WelcomeScreenViewController.m */ = {isa = PBXFileReference; fileEncoding = 4; lastKnownFileType = sourcecode.c.objc; path = WelcomeScreenViewController.m; sourceTree = "<group>"; };
		7D04E06113BC329100040642 /* WelcomeScreenViewController.xib */ = {isa = PBXFileReference; fileEncoding = 4; lastKnownFileType = file.xib; path = WelcomeScreenViewController.xib; sourceTree = "<group>"; };
		7D04E06F13BC37D600040642 /* EstablishmentObject.h */ = {isa = PBXFileReference; fileEncoding = 4; lastKnownFileType = sourcecode.c.h; name = EstablishmentObject.h; path = ../../../../programming/ios/app1/CanIEat/EstablishmentObject.h; sourceTree = "<group>"; };
		7D04E07013BC37D600040642 /* EstablishmentObject.m */ = {isa = PBXFileReference; fileEncoding = 4; lastKnownFileType = sourcecode.c.objc; name = EstablishmentObject.m; path = ../../../../programming/ios/app1/CanIEat/EstablishmentObject.m; sourceTree = "<group>"; };
		7D04E07213BC394100040642 /* ItemsToOrderByCategoryViewController.h */ = {isa = PBXFileReference; fileEncoding = 4; lastKnownFileType = sourcecode.c.h; name = ItemsToOrderByCategoryViewController.h; path = ../../../../programming/ios/app1/CanIEat/ItemsToOrderByCategoryViewController.h; sourceTree = "<group>"; };
		7D04E07313BC394100040642 /* ItemsToOrderByCategoryViewController.m */ = {isa = PBXFileReference; fileEncoding = 4; lastKnownFileType = sourcecode.c.objc; name = ItemsToOrderByCategoryViewController.m; path = ../../../../programming/ios/app1/CanIEat/ItemsToOrderByCategoryViewController.m; sourceTree = "<group>"; };
		7D04E07413BC394100040642 /* ItemsToOrderByCategoryViewController.xib */ = {isa = PBXFileReference; fileEncoding = 4; lastKnownFileType = file.xib; name = ItemsToOrderByCategoryViewController.xib; path = ../../../../programming/ios/app1/CanIEat/ItemsToOrderByCategoryViewController.xib; sourceTree = "<group>"; };
/* End PBXFileReference section */

/* Begin PBXFrameworksBuildPhase section */
		7D04DFFC13BC310C00040642 /* Frameworks */ = {
			isa = PBXFrameworksBuildPhase;
			buildActionMask = 2147483647;
			files = (
				7D04E00413BC310C00040642 /* UIKit.framework in Frameworks */,
				7D04E00613BC310C00040642 /* Foundation.framework in Frameworks */,
				7D04E00813BC310C00040642 /* CoreGraphics.framework in Frameworks */,
			);
			runOnlyForDeploymentPostprocessing = 0;
		};
		7D04E02413BC310D00040642 /* Frameworks */ = {
			isa = PBXFrameworksBuildPhase;
			buildActionMask = 2147483647;
			files = (
				7D04E02913BC310D00040642 /* UIKit.framework in Frameworks */,
				7D04E02A13BC310D00040642 /* Foundation.framework in Frameworks */,
				7D04E02B13BC310D00040642 /* CoreGraphics.framework in Frameworks */,
			);
			runOnlyForDeploymentPostprocessing = 0;
		};
/* End PBXFrameworksBuildPhase section */

/* Begin PBXGroup section */
		7D04DFF413BC310C00040642 = {
			isa = PBXGroup;
			children = (
				7D04E06E13BC33D000040642 /* View Controllers */,
				7D04E00913BC310C00040642 /* Classes */,
				7D04E02E13BC310D00040642 /* CanIEatTests */,
				7D04E00213BC310C00040642 /* Frameworks */,
				7D04E00013BC310C00040642 /* Products */,
				7D04E04B13BC314A00040642 /* notes.rtf */,
			);
			sourceTree = "<group>";
		};
		7D04E00013BC310C00040642 /* Products */ = {
			isa = PBXGroup;
			children = (
				7D04DFFF13BC310C00040642 /* CanIEat.app */,
				7D04E02813BC310D00040642 /* CanIEatTests.octest */,
			);
			name = Products;
			sourceTree = "<group>";
		};
		7D04E00213BC310C00040642 /* Frameworks */ = {
			isa = PBXGroup;
			children = (
				7D04E00313BC310C00040642 /* UIKit.framework */,
				7D04E00513BC310C00040642 /* Foundation.framework */,
				7D04E00713BC310C00040642 /* CoreGraphics.framework */,
			);
			name = Frameworks;
			sourceTree = "<group>";
		};
		7D04E00913BC310C00040642 /* Classes */ = {
			isa = PBXGroup;
			children = (
				7D04E04113BC311F00040642 /* CanIEatAppDelegate.h */,
				7D04E04213BC311F00040642 /* CanIEatAppDelegate.m */,
				7D04E06F13BC37D600040642 /* EstablishmentObject.h */,
				7D04E07013BC37D600040642 /* EstablishmentObject.m */,
				7D04E04E13BC314A00040642 /* BranchObject.h */,
				7D04E04F13BC314A00040642 /* BranchObject.m */,
				7D04E04913BC314A00040642 /* MenuObject.h */,
				7D04E04A13BC314A00040642 /* MenuObject.m */,
				7D04E04C13BC314A00040642 /* OrderObject.h */,
				7D04E04D13BC314A00040642 /* OrderObject.m */,
				7D04E05013BC314A00040642 /* UserObject.h */,
				7D04E05113BC314A00040642 /* UserObject.m */,
				7D04E01513BC310C00040642 /* iPhone */,
				7D04E01C13BC310C00040642 /* iPad */,
				7D04E00A13BC310C00040642 /* Supporting Files */,
			);
			name = Classes;
			path = CanIEat;
			sourceTree = "<group>";
		};
		7D04E00A13BC310C00040642 /* Supporting Files */ = {
			isa = PBXGroup;
			children = (
				7D04E00B13BC310C00040642 /* CanIEat-Info.plist */,
				7D04E00C13BC310C00040642 /* InfoPlist.strings */,
				7D04E00F13BC310C00040642 /* CanIEat-Prefix.pch */,
				7D04E01013BC310C00040642 /* main.m */,
			);
			name = "Supporting Files";
			sourceTree = "<group>";
		};
		7D04E01513BC310C00040642 /* iPhone */ = {
			isa = PBXGroup;
			children = (
				7D04E01613BC310C00040642 /* CanIEatAppDelegate_iPhone.h */,
				7D04E01713BC310C00040642 /* CanIEatAppDelegate_iPhone.m */,
				7D04E01913BC310C00040642 /* MainWindow_iPhone.xib */,
			);
			name = iPhone;
			sourceTree = "<group>";
		};
		7D04E01C13BC310C00040642 /* iPad */ = {
			isa = PBXGroup;
			children = (
				7D04E01D13BC310D00040642 /* CanIEatAppDelegate_iPad.h */,
				7D04E01E13BC310D00040642 /* CanIEatAppDelegate_iPad.m */,
				7D04E02013BC310D00040642 /* MainWindow_iPad.xib */,
			);
			name = iPad;
			sourceTree = "<group>";
		};
		7D04E02E13BC310D00040642 /* CanIEatTests */ = {
			isa = PBXGroup;
			children = (
				7D04E03513BC310D00040642 /* CanIEatTests.h */,
				7D04E03713BC310D00040642 /* CanIEatTests.m */,
				7D04E02F13BC310D00040642 /* Supporting Files */,
			);
			path = CanIEatTests;
			sourceTree = "<group>";
		};
		7D04E02F13BC310D00040642 /* Supporting Files */ = {
			isa = PBXGroup;
			children = (
				7D04E03013BC310D00040642 /* CanIEatTests-Info.plist */,
				7D04E03113BC310D00040642 /* InfoPlist.strings */,
				7D04E03413BC310D00040642 /* CanIEatTests-Prefix.pch */,
			);
			name = "Supporting Files";
			sourceTree = "<group>";
		};
		7D04E06E13BC33D000040642 /* View Controllers */ = {
			isa = PBXGroup;
			children = (
				7D04E04413BC313600040642 /* ChangeMenuViewController.h */,
				7D04E04513BC313600040642 /* ChangeMenuViewController.m */,
				7D04E04613BC313600040642 /* ChangeMenuViewController.xib */,
				7D04E05F13BC329100040642 /* WelcomeScreenViewController.h */,
				7D04E06013BC329100040642 /* WelcomeScreenViewController.m */,
				7D04E06113BC329100040642 /* WelcomeScreenViewController.xib */,
				7D04E07213BC394100040642 /* ItemsToOrderByCategoryViewController.h */,
				7D04E07313BC394100040642 /* ItemsToOrderByCategoryViewController.m */,
				7D04E07413BC394100040642 /* ItemsToOrderByCategoryViewController.xib */,
			);
			name = "View Controllers";
			path = CanIEat;
			sourceTree = "<group>";
		};
/* End PBXGroup section */

/* Begin PBXNativeTarget section */
		7D04DFFE13BC310C00040642 /* CanIEat */ = {
			isa = PBXNativeTarget;
			buildConfigurationList = 7D04E03B13BC310D00040642 /* Build configuration list for PBXNativeTarget "CanIEat" */;
			buildPhases = (
				7D04DFFB13BC310C00040642 /* Sources */,
				7D04DFFC13BC310C00040642 /* Frameworks */,
				7D04DFFD13BC310C00040642 /* Resources */,
			);
			buildRules = (
			);
			dependencies = (
			);
			name = CanIEat;
			productName = CanIEat;
			productReference = 7D04DFFF13BC310C00040642 /* CanIEat.app */;
			productType = "com.apple.product-type.application";
		};
		7D04E02713BC310D00040642 /* CanIEatTests */ = {
			isa = PBXNativeTarget;
			buildConfigurationList = 7D04E03E13BC310D00040642 /* Build configuration list for PBXNativeTarget "CanIEatTests" */;
			buildPhases = (
				7D04E02313BC310D00040642 /* Sources */,
				7D04E02413BC310D00040642 /* Frameworks */,
				7D04E02513BC310D00040642 /* Resources */,
				7D04E02613BC310D00040642 /* ShellScript */,
			);
			buildRules = (
			);
			dependencies = (
				7D04E02D13BC310D00040642 /* PBXTargetDependency */,
			);
			name = CanIEatTests;
			productName = CanIEatTests;
			productReference = 7D04E02813BC310D00040642 /* CanIEatTests.octest */;
			productType = "com.apple.product-type.bundle";
		};
/* End PBXNativeTarget section */

/* Begin PBXProject section */
		7D04DFF613BC310C00040642 /* Project object */ = {
			isa = PBXProject;
			buildConfigurationList = 7D04DFF913BC310C00040642 /* Build configuration list for PBXProject "CanIEat" */;
			compatibilityVersion = "Xcode 3.2";
			developmentRegion = English;
			hasScannedForEncodings = 0;
			knownRegions = (
				en,
			);
			mainGroup = 7D04DFF413BC310C00040642;
			productRefGroup = 7D04E00013BC310C00040642 /* Products */;
			projectDirPath = "";
			projectRoot = "";
			targets = (
				7D04DFFE13BC310C00040642 /* CanIEat */,
				7D04E02713BC310D00040642 /* CanIEatTests */,
			);
		};
/* End PBXProject section */

/* Begin PBXResourcesBuildPhase section */
		7D04DFFD13BC310C00040642 /* Resources */ = {
			isa = PBXResourcesBuildPhase;
			buildActionMask = 2147483647;
			files = (
				7D04E00E13BC310C00040642 /* InfoPlist.strings in Resources */,
				7D04E01B13BC310C00040642 /* MainWindow_iPhone.xib in Resources */,
				7D04E02213BC310D00040642 /* MainWindow_iPad.xib in Resources */,
				7D04E04813BC313600040642 /* ChangeMenuViewController.xib in Resources */,
				7D04E05313BC314A00040642 /* notes.rtf in Resources */,
				7D04E06313BC329100040642 /* WelcomeScreenViewController.xib in Resources */,
				7D04E07613BC394200040642 /* ItemsToOrderByCategoryViewController.xib in Resources */,
			);
			runOnlyForDeploymentPostprocessing = 0;
		};
		7D04E02513BC310D00040642 /* Resources */ = {
			isa = PBXResourcesBuildPhase;
			buildActionMask = 2147483647;
			files = (
				7D04E03313BC310D00040642 /* InfoPlist.strings in Resources */,
				7D04E03613BC310D00040642 /* CanIEatTests.h in Resources */,
			);
			runOnlyForDeploymentPostprocessing = 0;
		};
/* End PBXResourcesBuildPhase section */

/* Begin PBXShellScriptBuildPhase section */
		7D04E02613BC310D00040642 /* ShellScript */ = {
			isa = PBXShellScriptBuildPhase;
			buildActionMask = 2147483647;
			files = (
			);
			inputPaths = (
			);
			outputPaths = (
			);
			runOnlyForDeploymentPostprocessing = 0;
			shellPath = /bin/sh;
			shellScript = "# Run the unit tests in this test bundle.\n\"${SYSTEM_DEVELOPER_DIR}/Tools/RunUnitTests\"\n";
		};
/* End PBXShellScriptBuildPhase section */

/* Begin PBXSourcesBuildPhase section */
		7D04DFFB13BC310C00040642 /* Sources */ = {
			isa = PBXSourcesBuildPhase;
			buildActionMask = 2147483647;
			files = (
				7D04E01113BC310C00040642 /* main.m in Sources */,
				7D04E01813BC310C00040642 /* CanIEatAppDelegate_iPhone.m in Sources */,
				7D04E01F13BC310D00040642 /* CanIEatAppDelegate_iPad.m in Sources */,
				7D04E04313BC311F00040642 /* CanIEatAppDelegate.m in Sources */,
				7D04E04713BC313600040642 /* ChangeMenuViewController.m in Sources */,
				7D04E05213BC314A00040642 /* MenuObject.m in Sources */,
				7D04E05413BC314A00040642 /* OrderObject.m in Sources */,
				7D04E05513BC314A00040642 /* BranchObject.m in Sources */,
				7D04E05613BC314A00040642 /* UserObject.m in Sources */,
				7D04E06213BC329100040642 /* WelcomeScreenViewController.m in Sources */,
				7D04E07113BC37D600040642 /* EstablishmentObject.m in Sources */,
				7D04E07513BC394200040642 /* ItemsToOrderByCategoryViewController.m in Sources */,
			);
			runOnlyForDeploymentPostprocessing = 0;
		};
		7D04E02313BC310D00040642 /* Sources */ = {
			isa = PBXSourcesBuildPhase;
			buildActionMask = 2147483647;
			files = (
				7D04E03813BC310D00040642 /* CanIEatTests.m in Sources */,
			);
			runOnlyForDeploymentPostprocessing = 0;
		};
/* End PBXSourcesBuildPhase section */

/* Begin PBXTargetDependency section */
		7D04E02D13BC310D00040642 /* PBXTargetDependency */ = {
			isa = PBXTargetDependency;
			target = 7D04DFFE13BC310C00040642 /* CanIEat */;
			targetProxy = 7D04E02C13BC310D00040642 /* PBXContainerItemProxy */;
		};
/* End PBXTargetDependency section */

/* Begin PBXVariantGroup section */
		7D04E00C13BC310C00040642 /* InfoPlist.strings */ = {
			isa = PBXVariantGroup;
			children = (
				7D04E00D13BC310C00040642 /* en */,
			);
			name = InfoPlist.strings;
			sourceTree = "<group>";
		};
		7D04E01913BC310C00040642 /* MainWindow_iPhone.xib */ = {
			isa = PBXVariantGroup;
			children = (
				7D04E01A13BC310C00040642 /* en */,
			);
			name = MainWindow_iPhone.xib;
			sourceTree = "<group>";
		};
		7D04E02013BC310D00040642 /* MainWindow_iPad.xib */ = {
			isa = PBXVariantGroup;
			children = (
				7D04E02113BC310D00040642 /* en */,
			);
			name = MainWindow_iPad.xib;
			sourceTree = "<group>";
		};
		7D04E03113BC310D00040642 /* InfoPlist.strings */ = {
			isa = PBXVariantGroup;
			children = (
				7D04E03213BC310D00040642 /* en */,
			);
			name = InfoPlist.strings;
			sourceTree = "<group>";
		};
/* End PBXVariantGroup section */

/* Begin XCBuildConfiguration section */
		7D04E03913BC310D00040642 /* Debug */ = {
			isa = XCBuildConfiguration;
			buildSettings = {
				ARCHS = "$(ARCHS_STANDARD_32_BIT)";
				"CODE_SIGN_IDENTITY[sdk=iphoneos*]" = "iPhone Developer";
				GCC_C_LANGUAGE_STANDARD = gnu99;
				GCC_OPTIMIZATION_LEVEL = 0;
				GCC_PREPROCESSOR_DEFINITIONS = DEBUG;
				GCC_SYMBOLS_PRIVATE_EXTERN = NO;
				GCC_VERSION = com.apple.compilers.llvmgcc42;
				GCC_WARN_ABOUT_RETURN_TYPE = YES;
				GCC_WARN_UNUSED_VARIABLE = YES;
				IPHONEOS_DEPLOYMENT_TARGET = 4.3;
				SDKROOT = iphoneos;
				TARGETED_DEVICE_FAMILY = "1,2";
			};
			name = Debug;
		};
		7D04E03A13BC310D00040642 /* Release */ = {
			isa = XCBuildConfiguration;
			buildSettings = {
				ARCHS = "$(ARCHS_STANDARD_32_BIT)";
				"CODE_SIGN_IDENTITY[sdk=iphoneos*]" = "iPhone Developer";
				GCC_C_LANGUAGE_STANDARD = gnu99;
				GCC_VERSION = com.apple.compilers.llvmgcc42;
				GCC_WARN_ABOUT_RETURN_TYPE = YES;
				GCC_WARN_UNUSED_VARIABLE = YES;
				IPHONEOS_DEPLOYMENT_TARGET = 4.3;
				OTHER_CFLAGS = "-DNS_BLOCK_ASSERTIONS=1";
				SDKROOT = iphoneos;
				TARGETED_DEVICE_FAMILY = "1,2";
			};
			name = Release;
		};
		7D04E03C13BC310D00040642 /* Debug */ = {
			isa = XCBuildConfiguration;
			buildSettings = {
				ALWAYS_SEARCH_USER_PATHS = NO;
				COPY_PHASE_STRIP = NO;
				GCC_DYNAMIC_NO_PIC = NO;
				GCC_PRECOMPILE_PREFIX_HEADER = YES;
				GCC_PREFIX_HEADER = "CanIEat/CanIEat-Prefix.pch";
				INFOPLIST_FILE = "CanIEat/CanIEat-Info.plist";
				PRODUCT_NAME = "$(TARGET_NAME)";
				WRAPPER_EXTENSION = app;
			};
			name = Debug;
		};
		7D04E03D13BC310D00040642 /* Release */ = {
			isa = XCBuildConfiguration;
			buildSettings = {
				ALWAYS_SEARCH_USER_PATHS = NO;
				COPY_PHASE_STRIP = YES;
				GCC_PRECOMPILE_PREFIX_HEADER = YES;
				GCC_PREFIX_HEADER = "CanIEat/CanIEat-Prefix.pch";
				INFOPLIST_FILE = "CanIEat/CanIEat-Info.plist";
				PRODUCT_NAME = "$(TARGET_NAME)";
				VALIDATE_PRODUCT = YES;
				WRAPPER_EXTENSION = app;
			};
			name = Release;
		};
		7D04E03F13BC310D00040642 /* Debug */ = {
			isa = XCBuildConfiguration;
			buildSettings = {
				ALWAYS_SEARCH_USER_PATHS = NO;
				BUNDLE_LOADER = "$(BUILT_PRODUCTS_DIR)/CanIEat.app/CanIEat";
				FRAMEWORK_SEARCH_PATHS = (
					"$(SDKROOT)/Developer/Library/Frameworks",
					"$(DEVELOPER_LIBRARY_DIR)/Frameworks",
				);
				GCC_PRECOMPILE_PREFIX_HEADER = YES;
				GCC_PREFIX_HEADER = "CanIEatTests/CanIEatTests-Prefix.pch";
				INFOPLIST_FILE = "CanIEatTests/CanIEatTests-Info.plist";
				OTHER_LDFLAGS = (
					"-framework",
					SenTestingKit,
				);
				PRODUCT_NAME = "$(TARGET_NAME)";
				TEST_HOST = "$(BUNDLE_LOADER)";
				WRAPPER_EXTENSION = octest;
			};
			name = Debug;
		};
		7D04E04013BC310D00040642 /* Release */ = {
			isa = XCBuildConfiguration;
			buildSettings = {
				ALWAYS_SEARCH_USER_PATHS = NO;
				BUNDLE_LOADER = "$(BUILT_PRODUCTS_DIR)/CanIEat.app/CanIEat";
				FRAMEWORK_SEARCH_PATHS = (
					"$(SDKROOT)/Developer/Library/Frameworks",
					"$(DEVELOPER_LIBRARY_DIR)/Frameworks",
				);
				GCC_PRECOMPILE_PREFIX_HEADER = YES;
				GCC_PREFIX_HEADER = "CanIEatTests/CanIEatTests-Prefix.pch";
				INFOPLIST_FILE = "CanIEatTests/CanIEatTests-Info.plist";
				OTHER_LDFLAGS = (
					"-framework",
					SenTestingKit,
				);
				PRODUCT_NAME = "$(TARGET_NAME)";
				TEST_HOST = "$(BUNDLE_LOADER)";
				WRAPPER_EXTENSION = octest;
			};
			name = Release;
		};
/* End XCBuildConfiguration section */

/* Begin XCConfigurationList section */
		7D04DFF913BC310C00040642 /* Build configuration list for PBXProject "CanIEat" */ = {
			isa = XCConfigurationList;
			buildConfigurations = (
				7D04E03913BC310D00040642 /* Debug */,
				7D04E03A13BC310D00040642 /* Release */,
			);
			defaultConfigurationIsVisible = 0;
			defaultConfigurationName = Release;
		};
		7D04E03B13BC310D00040642 /* Build configuration list for PBXNativeTarget "CanIEat" */ = {
			isa = XCConfigurationList;
			buildConfigurations = (
				7D04E03C13BC310D00040642 /* Debug */,
				7D04E03D13BC310D00040642 /* Release */,
			);
			defaultConfigurationIsVisible = 0;
			defaultConfigurationName = Release;
		};
		7D04E03E13BC310D00040642 /* Build configuration list for PBXNativeTarget "CanIEatTests" */ = {
			isa = XCConfigurationList;
			buildConfigurations = (
				7D04E03F13BC310D00040642 /* Debug */,
				7D04E04013BC310D00040642 /* Release */,
			);
			defaultConfigurationIsVisible = 0;
			defaultConfigurationName = Release;
		};
/* End XCConfigurationList section */
	};
	rootObject = 7D04DFF613BC310C00040642 /* Project object */;
}
